// !$*UTF8*$!
{
	archiveVersion = 1;
	classes = {
	};
	objectVersion = 55;
	objects = {

/* Begin PBXBuildFile section */
		413D5CCB283C17A000FE7DA3 /* BookInventoryApp.swift in Sources */ = {isa = PBXBuildFile; fileRef = 413D5CCA283C17A000FE7DA3 /* BookInventoryApp.swift */; };
		413D5CCD283C17A000FE7DA3 /* ContentView.swift in Sources */ = {isa = PBXBuildFile; fileRef = 413D5CCC283C17A000FE7DA3 /* ContentView.swift */; };
		413D5CCF283C17A800FE7DA3 /* Assets.xcassets in Resources */ = {isa = PBXBuildFile; fileRef = 413D5CCE283C17A800FE7DA3 /* Assets.xcassets */; };
		413D5CD2283C17A800FE7DA3 /* Preview Assets.xcassets in Resources */ = {isa = PBXBuildFile; fileRef = 413D5CD1283C17A800FE7DA3 /* Preview Assets.xcassets */; };
		413D5CDA283C4A2900FE7DA3 /* BookInventory.xcdatamodeld in Sources */ = {isa = PBXBuildFile; fileRef = 413D5CD8283C4A2900FE7DA3 /* BookInventory.xcdatamodeld */; };
		413D5CDC283C4A7700FE7DA3 /* DataController.swift in Sources */ = {isa = PBXBuildFile; fileRef = 413D5CDB283C4A7700FE7DA3 /* DataController.swift */; };
		41A4BC03283D7443007E29B5 /* AddBookView.swift in Sources */ = {isa = PBXBuildFile; fileRef = 41A4BC02283D7442007E29B5 /* AddBookView.swift */; };
		41A4BC05283D8509007E29B5 /* RatingView.swift in Sources */ = {isa = PBXBuildFile; fileRef = 41A4BC04283D8509007E29B5 /* RatingView.swift */; };
/* End PBXBuildFile section */

/* Begin PBXFileReference section */
		413D5CC7283C17A000FE7DA3 /* BookInventory.app */ = {isa = PBXFileReference; explicitFileType = wrapper.application; includeInIndex = 0; path = BookInventory.app; sourceTree = BUILT_PRODUCTS_DIR; };
		413D5CCA283C17A000FE7DA3 /* BookInventoryApp.swift */ = {isa = PBXFileReference; lastKnownFileType = sourcecode.swift; path = BookInventoryApp.swift; sourceTree = "<group>"; };
		413D5CCC283C17A000FE7DA3 /* ContentView.swift */ = {isa = PBXFileReference; lastKnownFileType = sourcecode.swift; path = ContentView.swift; sourceTree = "<group>"; };
		413D5CCE283C17A800FE7DA3 /* Assets.xcassets */ = {isa = PBXFileReference; lastKnownFileType = folder.assetcatalog; path = Assets.xcassets; sourceTree = "<group>"; };
		413D5CD1283C17A800FE7DA3 /* Preview Assets.xcassets */ = {isa = PBXFileReference; lastKnownFileType = folder.assetcatalog; path = "Preview Assets.xcassets"; sourceTree = "<group>"; };
		413D5CD9283C4A2900FE7DA3 /* BookInventory.xcdatamodel */ = {isa = PBXFileReference; lastKnownFileType = wrapper.xcdatamodel; path = BookInventory.xcdatamodel; sourceTree = "<group>"; };
		413D5CDB283C4A7700FE7DA3 /* DataController.swift */ = {isa = PBXFileReference; lastKnownFileType = sourcecode.swift; path = DataController.swift; sourceTree = "<group>"; };
		41A4BC02283D7442007E29B5 /* AddBookView.swift */ = {isa = PBXFileReference; lastKnownFileType = sourcecode.swift; path = AddBookView.swift; sourceTree = "<group>"; };
		41A4BC04283D8509007E29B5 /* RatingView.swift */ = {isa = PBXFileReference; lastKnownFileType = sourcecode.swift; path = RatingView.swift; sourceTree = "<group>"; };
/* End PBXFileReference section */

/* Begin PBXFrameworksBuildPhase section */
		413D5CC4283C17A000FE7DA3 /* Frameworks */ = {
			isa = PBXFrameworksBuildPhase;
			buildActionMask = 2147483647;
			files = (
			);
			runOnlyForDeploymentPostprocessing = 0;
		};
/* End PBXFrameworksBuildPhase section */

/* Begin PBXGroup section */
		413D5CBE283C179F00FE7DA3 = {
			isa = PBXGroup;
			children = (
				413D5CC9283C17A000FE7DA3 /* BookInventory */,
				413D5CC8283C17A000FE7DA3 /* Products */,
			);
			sourceTree = "<group>";
		};
		413D5CC8283C17A000FE7DA3 /* Products */ = {
			isa = PBXGroup;
			children = (
				413D5CC7283C17A000FE7DA3 /* BookInventory.app */,
			);
			name = Products;
			sourceTree = "<group>";
		};
		413D5CC9283C17A000FE7DA3 /* BookInventory */ = {
			isa = PBXGroup;
			children = (
				413D5CCA283C17A000FE7DA3 /* BookInventoryApp.swift */,
				413D5CCC283C17A000FE7DA3 /* ContentView.swift */,
				413D5CDB283C4A7700FE7DA3 /* DataController.swift */,
				413D5CD8283C4A2900FE7DA3 /* BookInventory.xcdatamodeld */,
				41A4BC02283D7442007E29B5 /* AddBookView.swift */,
				41A4BC04283D8509007E29B5 /* RatingView.swift */,
				413D5CCE283C17A800FE7DA3 /* Assets.xcassets */,
				413D5CD0283C17A800FE7DA3 /* Preview Content */,
			);
			path = BookInventory;
			sourceTree = "<group>";
		};
		413D5CD0283C17A800FE7DA3 /* Preview Content */ = {
			isa = PBXGroup;
			children = (
				413D5CD1283C17A800FE7DA3 /* Preview Assets.xcassets */,
			);
			path = "Preview Content";
			sourceTree = "<group>";
		};
/* End PBXGroup section */

/* Begin PBXNativeTarget section */
		413D5CC6283C17A000FE7DA3 /* BookInventory */ = {
			isa = PBXNativeTarget;
			buildConfigurationList = 413D5CD5283C17A800FE7DA3 /* Build configuration list for PBXNativeTarget "BookInventory" */;
			buildPhases = (
				413D5CC3283C17A000FE7DA3 /* Sources */,
				413D5CC4283C17A000FE7DA3 /* Frameworks */,
				413D5CC5283C17A000FE7DA3 /* Resources */,
			);
			buildRules = (
			);
			dependencies = (
			);
			name = BookInventory;
			productName = BookInventory;
			productReference = 413D5CC7283C17A000FE7DA3 /* BookInventory.app */;
			productType = "com.apple.product-type.application";
		};
/* End PBXNativeTarget section */

/* Begin PBXProject section */
		413D5CBF283C17A000FE7DA3 /* Project object */ = {
			isa = PBXProject;
			attributes = {
				BuildIndependentTargetsInParallel = 1;
				LastSwiftUpdateCheck = 1340;
				LastUpgradeCheck = 1340;
				TargetAttributes = {
					413D5CC6283C17A000FE7DA3 = {
						CreatedOnToolsVersion = 13.4;
					};
				};
			};
			buildConfigurationList = 413D5CC2283C17A000FE7DA3 /* Build configuration list for PBXProject "BookInventory" */;
			compatibilityVersion = "Xcode 13.0";
			developmentRegion = en;
			hasScannedForEncodings = 0;
			knownRegions = (
				en,
				Base,
			);
			mainGroup = 413D5CBE283C179F00FE7DA3;
			productRefGroup = 413D5CC8283C17A000FE7DA3 /* Products */;
			projectDirPath = "";
			projectRoot = "";
			targets = (
				413D5CC6283C17A000FE7DA3 /* BookInventory */,
			);
		};
/* End PBXProject section */

/* Begin PBXResourcesBuildPhase section */
		413D5CC5283C17A000FE7DA3 /* Resources */ = {
			isa = PBXResourcesBuildPhase;
			buildActionMask = 2147483647;
			files = (
				413D5CD2283C17A800FE7DA3 /* Preview Assets.xcassets in Resources */,
				413D5CCF283C17A800FE7DA3 /* Assets.xcassets in Resources */,
			);
			runOnlyForDeploymentPostprocessing = 0;
		};
/* End PBXResourcesBuildPhase section */

/* Begin PBXSourcesBuildPhase section */
		413D5CC3283C17A000FE7DA3 /* Sources */ = {
			isa = PBXSourcesBuildPhase;
			buildActionMask = 2147483647;
			files = (
				413D5CDA283C4A2900FE7DA3 /* BookInventory.xcdatamodeld in Sources */,
				413D5CDC283C4A7700FE7DA3 /* DataController.swift in Sources */,
				413D5CCD283C17A000FE7DA3 /* ContentView.swift in Sources */,
				41A4BC05283D8509007E29B5 /* RatingView.swift in Sources */,
				413D5CCB283C17A000FE7DA3 /* BookInventoryApp.swift in Sources */,
				41A4BC03283D7443007E29B5 /* AddBookView.swift in Sources */,
			);
			runOnlyForDeploymentPostprocessing = 0;
		};
/* End PBXSourcesBuildPhase section */

/* Begin XCBuildConfiguration section */
		413D5CD3283C17A800FE7DA3 /* Debug */ = {
			isa = XCBuildConfiguration;
			buildSettings = {
				ALWAYS_SEARCH_USER_PATHS = NO;
				CLANG_ANALYZER_NONNULL = YES;
				CLANG_ANALYZER_NUMBER_OBJECT_CONVERSION = YES_AGGRESSIVE;
				CLANG_CXX_LANGUAGE_STANDARD = "gnu++17";
				CLANG_ENABLE_MODULES = YES;
				CLANG_ENABLE_OBJC_ARC = YES;
				CLANG_ENABLE_OBJC_WEAK = YES;
				CLANG_WARN_BLOCK_CAPTURE_AUTORELEASING = YES;
				CLANG_WARN_BOOL_CONVERSION = YES;
				CLANG_WARN_COMMA = YES;
				CLANG_WARN_CONSTANT_CONVERSION = YES;
				CLANG_WARN_DEPRECATED_OBJC_IMPLEMENTATIONS = YES;
				CLANG_WARN_DIRECT_OBJC_ISA_USAGE = YES_ERROR;
				CLANG_WARN_DOCUMENTATION_COMMENTS = YES;
				CLANG_WARN_EMPTY_BODY = YES;
				CLANG_WARN_ENUM_CONVERSION = YES;
				CLANG_WARN_INFINITE_RECURSION = YES;
				CLANG_WARN_INT_CONVERSION = YES;
				CLANG_WARN_NON_LITERAL_NULL_CONVERSION = YES;
				CLANG_WARN_OBJC_IMPLICIT_RETAIN_SELF = YES;
				CLANG_WARN_OBJC_LITERAL_CONVERSION = YES;
				CLANG_WARN_OBJC_ROOT_CLASS = YES_ERROR;
				CLANG_WARN_QUOTED_INCLUDE_IN_FRAMEWORK_HEADER = YES;
				CLANG_WARN_RANGE_LOOP_ANALYSIS = YES;
				CLANG_WARN_STRICT_PROTOTYPES = YES;
				CLANG_WARN_SUSPICIOUS_MOVE = YES;
				CLANG_WARN_UNGUARDED_AVAILABILITY = YES_AGGRESSIVE;
				CLANG_WARN_UNREACHABLE_CODE = YES;
				CLANG_WARN__DUPLICATE_METHOD_MATCH = YES;
				COPY_PHASE_STRIP = NO;
				DEBUG_INFORMATION_FORMAT = dwarf;
				ENABLE_STRICT_OBJC_MSGSEND = YES;
				ENABLE_TESTABILITY = YES;
				GCC_C_LANGUAGE_STANDARD = gnu11;
				GCC_DYNAMIC_NO_PIC = NO;
				GCC_NO_COMMON_BLOCKS = YES;
				GCC_OPTIMIZATION_LEVEL = 0;
				GCC_PREPROCESSOR_DEFINITIONS = (
					"DEBUG=1",
					"$(inherited)",
				);
				GCC_WARN_64_TO_32_BIT_CONVERSION = YES;
				GCC_WARN_ABOUT_RETURN_TYPE = YES_ERROR;
				GCC_WARN_UNDECLARED_SELECTOR = YES;
				GCC_WARN_UNINITIALIZED_AUTOS = YES_AGGRESSIVE;
				GCC_WARN_UNUSED_FUNCTION = YES;
				GCC_WARN_UNUSED_VARIABLE = YES;
				IPHONEOS_DEPLOYMENT_TARGET = 15.5;
				MTL_ENABLE_DEBUG_INFO = INCLUDE_SOURCE;
				MTL_FAST_MATH = YES;
				ONLY_ACTIVE_ARCH = YES;
				SDKROOT = iphoneos;
				SWIFT_ACTIVE_COMPILATION_CONDITIONS = DEBUG;
				SWIFT_OPTIMIZATION_LEVEL = "-Onone";
			};
			name = Debug;
		};
		413D5CD4283C17A800FE7DA3 /* Release */ = {
			isa = XCBuildConfiguration;
			buildSettings = {
				ALWAYS_SEARCH_USER_PATHS = NO;
				CLANG_ANALYZER_NONNULL = YES;
				CLANG_ANALYZER_NUMBER_OBJECT_CONVERSION = YES_AGGRESSIVE;
				CLANG_CXX_LANGUAGE_STANDARD = "gnu++17";
				CLANG_ENABLE_MODULES = YES;
				CLANG_ENABLE_OBJC_ARC = YES;
				CLANG_ENABLE_OBJC_WEAK = YES;
				CLANG_WARN_BLOCK_CAPTURE_AUTORELEASING = YES;
				CLANG_WARN_BOOL_CONVERSION = YES;
				CLANG_WARN_COMMA = YES;
				CLANG_WARN_CONSTANT_CONVERSION = YES;
				CLANG_WARN_DEPRECATED_OBJC_IMPLEMENTATIONS = YES;
				CLANG_WARN_DIRECT_OBJC_ISA_USAGE = YES_ERROR;
				CLANG_WARN_DOCUMENTATION_COMMENTS = YES;
				CLANG_WARN_EMPTY_BODY = YES;
				CLANG_WARN_ENUM_CONVERSION = YES;
				CLANG_WARN_INFINITE_RECURSION = YES;
				CLANG_WARN_INT_CONVERSION = YES;
				CLANG_WARN_NON_LITERAL_NULL_CONVERSION = YES;
				CLANG_WARN_OBJC_IMPLICIT_RETAIN_SELF = YES;
				CLANG_WARN_OBJC_LITERAL_CONVERSION = YES;
				CLANG_WARN_OBJC_ROOT_CLASS = YES_ERROR;
				CLANG_WARN_QUOTED_INCLUDE_IN_FRAMEWORK_HEADER = YES;
				CLANG_WARN_RANGE_LOOP_ANALYSIS = YES;
				CLANG_WARN_STRICT_PROTOTYPES = YES;
				CLANG_WARN_SUSPICIOUS_MOVE = YES;
				CLANG_WARN_UNGUARDED_AVAILABILITY = YES_AGGRESSIVE;
				CLANG_WARN_UNREACHABLE_CODE = YES;
				CLANG_WARN__DUPLICATE_METHOD_MATCH = YES;
				COPY_PHASE_STRIP = NO;
				DEBUG_INFORMATION_FORMAT = "dwarf-with-dsym";
				ENABLE_NS_ASSERTIONS = NO;
				ENABLE_STRICT_OBJC_MSGSEND = YES;
				GCC_C_LANGUAGE_STANDARD = gnu11;
				GCC_NO_COMMON_BLOCKS = YES;
				GCC_WARN_64_TO_32_BIT_CONVERSION = YES;
				GCC_WARN_ABOUT_RETURN_TYPE = YES_ERROR;
				GCC_WARN_UNDECLARED_SELECTOR = YES;
				GCC_WARN_UNINITIALIZED_AUTOS = YES_AGGRESSIVE;
				GCC_WARN_UNUSED_FUNCTION = YES;
				GCC_WARN_UNUSED_VARIABLE = YES;
				IPHONEOS_DEPLOYMENT_TARGET = 15.5;
				MTL_ENABLE_DEBUG_INFO = NO;
				MTL_FAST_MATH = YES;
				SDKROOT = iphoneos;
				SWIFT_COMPILATION_MODE = wholemodule;
				SWIFT_OPTIMIZATION_LEVEL = "-O";
				VALIDATE_PRODUCT = YES;
			};
			name = Release;
		};
		413D5CD6283C17A800FE7DA3 /* Debug */ = {
			isa = XCBuildConfiguration;
			buildSettings = {
				ASSETCATALOG_COMPILER_APPICON_NAME = AppIcon;
				ASSETCATALOG_COMPILER_GLOBAL_ACCENT_COLOR_NAME = AccentColor;
				CODE_SIGN_STYLE = Automatic;
				CURRENT_PROJECT_VERSION = 1;
				DEVELOPMENT_ASSET_PATHS = "\"BookInventory/Preview Content\"";
				DEVELOPMENT_TEAM = 56F54J4H3N;
				ENABLE_PREVIEWS = YES;
				GENERATE_INFOPLIST_FILE = YES;
				INFOPLIST_KEY_UIApplicationSceneManifest_Generation = YES;
				INFOPLIST_KEY_UIApplicationSupportsIndirectInputEvents = YES;
				INFOPLIST_KEY_UILaunchScreen_Generation = YES;
				INFOPLIST_KEY_UISupportedInterfaceOrientations_iPad = "UIInterfaceOrientationPortrait UIInterfaceOrientationPortraitUpsideDown UIInterfaceOrientationLandscapeLeft UIInterfaceOrientationLandscapeRight";
				INFOPLIST_KEY_UISupportedInterfaceOrientations_iPhone = "UIInterfaceOrientationPortrait UIInterfaceOrientationLandscapeLeft UIInterfaceOrientationLandscapeRight";
				IPHONEOS_DEPLOYMENT_TARGET = 15.3;
				LD_RUNPATH_SEARCH_PATHS = (
					"$(inherited)",
					"@executable_path/Frameworks",
				);
				MARKETING_VERSION = 1.0;
				PRODUCT_BUNDLE_IDENTIFIER = com.mobilesoftwareservices.BookInventory;
				PRODUCT_NAME = "$(TARGET_NAME)";
				SWIFT_EMIT_LOC_STRINGS = YES;
				SWIFT_VERSION = 5.0;
				TARGETED_DEVICE_FAMILY = "1,2";
			};
			name = Debug;
		};
		413D5CD7283C17A800FE7DA3 /* Release */ = {
			isa = XCBuildConfiguration;
			buildSettings = {
				ASSETCATALOG_COMPILER_APPICON_NAME = AppIcon;
				ASSETCATALOG_COMPILER_GLOBAL_ACCENT_COLOR_NAME = AccentColor;
				CODE_SIGN_STYLE = Automatic;
				CURRENT_PROJECT_VERSION = 1;
				DEVELOPMENT_ASSET_PATHS = "\"BookInventory/Preview Content\"";
				DEVELOPMENT_TEAM = 56F54J4H3N;
				ENABLE_PREVIEWS = YES;
				GENERATE_INFOPLIST_FILE = YES;
				INFOPLIST_KEY_UIApplicationSceneManifest_Generation = YES;
				INFOPLIST_KEY_UIApplicationSupportsIndirectInputEvents = YES;
				INFOPLIST_KEY_UILaunchScreen_Generation = YES;
				INFOPLIST_KEY_UISupportedInterfaceOrientations_iPad = "UIInterfaceOrientationPortrait UIInterfaceOrientationPortraitUpsideDown UIInterfaceOrientationLandscapeLeft UIInterfaceOrientationLandscapeRight";
				INFOPLIST_KEY_UISupportedInterfaceOrientations_iPhone = "UIInterfaceOrientationPortrait UIInterfaceOrientationLandscapeLeft UIInterfaceOrientationLandscapeRight";
				IPHONEOS_DEPLOYMENT_TARGET = 15.3;
				LD_RUNPATH_SEARCH_PATHS = (
					"$(inherited)",
					"@executable_path/Frameworks",
				);
				MARKETING_VERSION = 1.0;
				PRODUCT_BUNDLE_IDENTIFIER = com.mobilesoftwareservices.BookInventory;
				PRODUCT_NAME = "$(TARGET_NAME)";
				SWIFT_EMIT_LOC_STRINGS = YES;
				SWIFT_VERSION = 5.0;
				TARGETED_DEVICE_FAMILY = "1,2";
			};
			name = Release;
		};
/* End XCBuildConfiguration section */

/* Begin XCConfigurationList section */
		413D5CC2283C17A000FE7DA3 /* Build configuration list for PBXProject "BookInventory" */ = {
			isa = XCConfigurationList;
			buildConfigurations = (
				413D5CD3283C17A800FE7DA3 /* Debug */,
				413D5CD4283C17A800FE7DA3 /* Release */,
			);
			defaultConfigurationIsVisible = 0;
			defaultConfigurationName = Release;
		};
		413D5CD5283C17A800FE7DA3 /* Build configuration list for PBXNativeTarget "BookInventory" */ = {
			isa = XCConfigurationList;
			buildConfigurations = (
				413D5CD6283C17A800FE7DA3 /* Debug */,
				413D5CD7283C17A800FE7DA3 /* Release */,
			);
			defaultConfigurationIsVisible = 0;
			defaultConfigurationName = Release;
		};
/* End XCConfigurationList section */

/* Begin XCVersionGroup section */
		413D5CD8283C4A2900FE7DA3 /* BookInventory.xcdatamodeld */ = {
			isa = XCVersionGroup;
			children = (
				413D5CD9283C4A2900FE7DA3 /* BookInventory.xcdatamodel */,
			);
			currentVersion = 413D5CD9283C4A2900FE7DA3 /* BookInventory.xcdatamodel */;
			path = BookInventory.xcdatamodeld;
			sourceTree = "<group>";
			versionGroupType = wrapper.xcdatamodel;
		};
/* End XCVersionGroup section */
	};
	rootObject = 413D5CBF283C17A000FE7DA3 /* Project object */;
}
