// !$*UTF8*$!
{
	archiveVersion = 1;
	classes = {
	};
	objectVersion = 55;
	objects = {

/* Begin PBXBuildFile section */
		414AFAEC280D9BC80062946E /* Facility.swift in Sources */ = {isa = PBXBuildFile; fileRef = 414AFAEB280D9BC80062946E /* Facility.swift */; };
		416D22882806F29A009DD4B7 /* SnowSeekerApp.swift in Sources */ = {isa = PBXBuildFile; fileRef = 416D22872806F29A009DD4B7 /* SnowSeekerApp.swift */; };
		416D228A2806F29A009DD4B7 /* ContentView.swift in Sources */ = {isa = PBXBuildFile; fileRef = 416D22892806F29A009DD4B7 /* ContentView.swift */; };
		416D228C2806F2B6009DD4B7 /* Assets.xcassets in Resources */ = {isa = PBXBuildFile; fileRef = 416D228B2806F2B6009DD4B7 /* Assets.xcassets */; };
		416D228F2806F2B6009DD4B7 /* Preview Assets.xcassets in Resources */ = {isa = PBXBuildFile; fileRef = 416D228E2806F2B6009DD4B7 /* Preview Assets.xcassets */; };
		416D2297280717AE009DD4B7 /* resorts.json in Resources */ = {isa = PBXBuildFile; fileRef = 416D2296280717AE009DD4B7 /* resorts.json */; };
		416D229C28071A2F009DD4B7 /* Bundle-Decodable.swift in Sources */ = {isa = PBXBuildFile; fileRef = 416D229B28071A2F009DD4B7 /* Bundle-Decodable.swift */; };
		416D229F28071B84009DD4B7 /* Resort.swift in Sources */ = {isa = PBXBuildFile; fileRef = 416D229E28071B84009DD4B7 /* Resort.swift */; };
		41804F9D28086DD900B468CF /* WelcomeView.swift in Sources */ = {isa = PBXBuildFile; fileRef = 41804F9C28086DD900B468CF /* WelcomeView.swift */; };
		41804FA02808811400B468CF /* ResortView.swift in Sources */ = {isa = PBXBuildFile; fileRef = 41804F9F2808811300B468CF /* ResortView.swift */; };
		41D9C6DB280A074200164136 /* SkiDetailsView.swift in Sources */ = {isa = PBXBuildFile; fileRef = 41D9C6DA280A074200164136 /* SkiDetailsView.swift */; };
		41D9C6DD280A084E00164136 /* ResortDetailsView.swift in Sources */ = {isa = PBXBuildFile; fileRef = 41D9C6DC280A084E00164136 /* ResortDetailsView.swift */; };
/* End PBXBuildFile section */

/* Begin PBXFileReference section */
		414AFAEB280D9BC80062946E /* Facility.swift */ = {isa = PBXFileReference; lastKnownFileType = sourcecode.swift; path = Facility.swift; sourceTree = "<group>"; };
		416D22842806F29A009DD4B7 /* SnowSeeker.app */ = {isa = PBXFileReference; explicitFileType = wrapper.application; includeInIndex = 0; path = SnowSeeker.app; sourceTree = BUILT_PRODUCTS_DIR; };
		416D22872806F29A009DD4B7 /* SnowSeekerApp.swift */ = {isa = PBXFileReference; lastKnownFileType = sourcecode.swift; path = SnowSeekerApp.swift; sourceTree = "<group>"; };
		416D22892806F29A009DD4B7 /* ContentView.swift */ = {isa = PBXFileReference; lastKnownFileType = sourcecode.swift; path = ContentView.swift; sourceTree = "<group>"; };
		416D228B2806F2B6009DD4B7 /* Assets.xcassets */ = {isa = PBXFileReference; lastKnownFileType = folder.assetcatalog; path = Assets.xcassets; sourceTree = "<group>"; };
		416D228E2806F2B6009DD4B7 /* Preview Assets.xcassets */ = {isa = PBXFileReference; lastKnownFileType = folder.assetcatalog; path = "Preview Assets.xcassets"; sourceTree = "<group>"; };
		416D2296280717AE009DD4B7 /* resorts.json */ = {isa = PBXFileReference; fileEncoding = 4; lastKnownFileType = text.json; path = resorts.json; sourceTree = "<group>"; };
		416D229B28071A2F009DD4B7 /* Bundle-Decodable.swift */ = {isa = PBXFileReference; lastKnownFileType = sourcecode.swift; path = "Bundle-Decodable.swift"; sourceTree = "<group>"; };
		416D229E28071B84009DD4B7 /* Resort.swift */ = {isa = PBXFileReference; lastKnownFileType = sourcecode.swift; path = Resort.swift; sourceTree = SOURCE_ROOT; };
		41804F9C28086DD900B468CF /* WelcomeView.swift */ = {isa = PBXFileReference; lastKnownFileType = sourcecode.swift; path = WelcomeView.swift; sourceTree = "<group>"; };
		41804F9F2808811300B468CF /* ResortView.swift */ = {isa = PBXFileReference; lastKnownFileType = sourcecode.swift; path = ResortView.swift; sourceTree = "<group>"; };
		41D9C6DA280A074200164136 /* SkiDetailsView.swift */ = {isa = PBXFileReference; lastKnownFileType = sourcecode.swift; path = SkiDetailsView.swift; sourceTree = "<group>"; };
		41D9C6DC280A084E00164136 /* ResortDetailsView.swift */ = {isa = PBXFileReference; lastKnownFileType = sourcecode.swift; path = ResortDetailsView.swift; sourceTree = "<group>"; };
/* End PBXFileReference section */

/* Begin PBXFrameworksBuildPhase section */
		416D22812806F29A009DD4B7 /* Frameworks */ = {
			isa = PBXFrameworksBuildPhase;
			buildActionMask = 2147483647;
			files = (
			);
			runOnlyForDeploymentPostprocessing = 0;
		};
/* End PBXFrameworksBuildPhase section */

/* Begin PBXGroup section */
		416D227B2806F29A009DD4B7 = {
			isa = PBXGroup;
			children = (
				416D22862806F29A009DD4B7 /* SnowSeeker */,
				416D22852806F29A009DD4B7 /* Products */,
			);
			sourceTree = "<group>";
		};
		416D22852806F29A009DD4B7 /* Products */ = {
			isa = PBXGroup;
			children = (
				416D22842806F29A009DD4B7 /* SnowSeeker.app */,
			);
			name = Products;
			sourceTree = "<group>";
		};
		416D22862806F29A009DD4B7 /* SnowSeeker */ = {
			isa = PBXGroup;
			children = (
				416D229D28071A38009DD4B7 /* Utilities */,
				416D229A2807197D009DD4B7 /* Models */,
				416D229528071793009DD4B7 /* Data */,
				416D22872806F29A009DD4B7 /* SnowSeekerApp.swift */,
				41804F9E28086DE800B468CF /* Views */,
				416D228B2806F2B6009DD4B7 /* Assets.xcassets */,
				416D228D2806F2B6009DD4B7 /* Preview Content */,
			);
			path = SnowSeeker;
			sourceTree = "<group>";
		};
		416D228D2806F2B6009DD4B7 /* Preview Content */ = {
			isa = PBXGroup;
			children = (
				416D228E2806F2B6009DD4B7 /* Preview Assets.xcassets */,
			);
			path = "Preview Content";
			sourceTree = "<group>";
		};
		416D229528071793009DD4B7 /* Data */ = {
			isa = PBXGroup;
			children = (
				414AFAEB280D9BC80062946E /* Facility.swift */,
				416D2296280717AE009DD4B7 /* resorts.json */,
			);
			path = Data;
			sourceTree = "<group>";
		};
		416D229A2807197D009DD4B7 /* Models */ = {
			isa = PBXGroup;
			children = (
				416D229E28071B84009DD4B7 /* Resort.swift */,
			);
			path = Models;
			sourceTree = "<group>";
		};
		416D229D28071A38009DD4B7 /* Utilities */ = {
			isa = PBXGroup;
			children = (
				416D229B28071A2F009DD4B7 /* Bundle-Decodable.swift */,
			);
			path = Utilities;
			sourceTree = "<group>";
		};
		41804F9E28086DE800B468CF /* Views */ = {
			isa = PBXGroup;
			children = (
				416D22892806F29A009DD4B7 /* ContentView.swift */,
				41804F9F2808811300B468CF /* ResortView.swift */,
				41804F9C28086DD900B468CF /* WelcomeView.swift */,
				41D9C6DA280A074200164136 /* SkiDetailsView.swift */,
				41D9C6DC280A084E00164136 /* ResortDetailsView.swift */,
			);
			path = Views;
			sourceTree = "<group>";
		};
/* End PBXGroup section */

/* Begin PBXNativeTarget section */
		416D22832806F29A009DD4B7 /* SnowSeeker */ = {
			isa = PBXNativeTarget;
			buildConfigurationList = 416D22922806F2B6009DD4B7 /* Build configuration list for PBXNativeTarget "SnowSeeker" */;
			buildPhases = (
				416D22802806F29A009DD4B7 /* Sources */,
				416D22812806F29A009DD4B7 /* Frameworks */,
				416D22822806F29A009DD4B7 /* Resources */,
			);
			buildRules = (
			);
			dependencies = (
			);
			name = SnowSeeker;
			productName = SnowSeeker;
			productReference = 416D22842806F29A009DD4B7 /* SnowSeeker.app */;
			productType = "com.apple.product-type.application";
		};
/* End PBXNativeTarget section */

/* Begin PBXProject section */
		416D227C2806F29A009DD4B7 /* Project object */ = {
			isa = PBXProject;
			attributes = {
				BuildIndependentTargetsInParallel = 1;
				LastSwiftUpdateCheck = 1330;
				LastUpgradeCheck = 1330;
				TargetAttributes = {
					416D22832806F29A009DD4B7 = {
						CreatedOnToolsVersion = 13.3;
					};
				};
			};
			buildConfigurationList = 416D227F2806F29A009DD4B7 /* Build configuration list for PBXProject "SnowSeeker" */;
			compatibilityVersion = "Xcode 13.0";
			developmentRegion = en;
			hasScannedForEncodings = 0;
			knownRegions = (
				en,
				Base,
			);
			mainGroup = 416D227B2806F29A009DD4B7;
			productRefGroup = 416D22852806F29A009DD4B7 /* Products */;
			projectDirPath = "";
			projectRoot = "";
			targets = (
				416D22832806F29A009DD4B7 /* SnowSeeker */,
			);
		};
/* End PBXProject section */

/* Begin PBXResourcesBuildPhase section */
		416D22822806F29A009DD4B7 /* Resources */ = {
			isa = PBXResourcesBuildPhase;
			buildActionMask = 2147483647;
			files = (
				416D2297280717AE009DD4B7 /* resorts.json in Resources */,
				416D228F2806F2B6009DD4B7 /* Preview Assets.xcassets in Resources */,
				416D228C2806F2B6009DD4B7 /* Assets.xcassets in Resources */,
			);
			runOnlyForDeploymentPostprocessing = 0;
		};
/* End PBXResourcesBuildPhase section */

/* Begin PBXSourcesBuildPhase section */
		416D22802806F29A009DD4B7 /* Sources */ = {
			isa = PBXSourcesBuildPhase;
			buildActionMask = 2147483647;
			files = (
				41804F9D28086DD900B468CF /* WelcomeView.swift in Sources */,
				41D9C6DB280A074200164136 /* SkiDetailsView.swift in Sources */,
				41D9C6DD280A084E00164136 /* ResortDetailsView.swift in Sources */,
				414AFAEC280D9BC80062946E /* Facility.swift in Sources */,
				416D228A2806F29A009DD4B7 /* ContentView.swift in Sources */,
				416D22882806F29A009DD4B7 /* SnowSeekerApp.swift in Sources */,
				41804FA02808811400B468CF /* ResortView.swift in Sources */,
				416D229F28071B84009DD4B7 /* Resort.swift in Sources */,
				416D229C28071A2F009DD4B7 /* Bundle-Decodable.swift in Sources */,
			);
			runOnlyForDeploymentPostprocessing = 0;
		};
/* End PBXSourcesBuildPhase section */

/* Begin XCBuildConfiguration section */
		416D22902806F2B6009DD4B7 /* Debug */ = {
			isa = XCBuildConfiguration;
			buildSettings = {
				ALWAYS_SEARCH_USER_PATHS = NO;
				CLANG_ANALYZER_NONNULL = YES;
				CLANG_ANALYZER_NUMBER_OBJECT_CONVERSION = YES_AGGRESSIVE;
				CLANG_CXX_LANGUAGE_STANDARD = "gnu++17";
				CLANG_ENABLE_MODULES = YES;
				CLANG_ENABLE_OBJC_ARC = YES;
				CLANG_ENABLE_OBJC_WEAK = YES;
				CLANG_WARN_BLOCK_CAPTURE_AUTORELEASING = YES;
				CLANG_WARN_BOOL_CONVERSION = YES;
				CLANG_WARN_COMMA = YES;
				CLANG_WARN_CONSTANT_CONVERSION = YES;
				CLANG_WARN_DEPRECATED_OBJC_IMPLEMENTATIONS = YES;
				CLANG_WARN_DIRECT_OBJC_ISA_USAGE = YES_ERROR;
				CLANG_WARN_DOCUMENTATION_COMMENTS = YES;
				CLANG_WARN_EMPTY_BODY = YES;
				CLANG_WARN_ENUM_CONVERSION = YES;
				CLANG_WARN_INFINITE_RECURSION = YES;
				CLANG_WARN_INT_CONVERSION = YES;
				CLANG_WARN_NON_LITERAL_NULL_CONVERSION = YES;
				CLANG_WARN_OBJC_IMPLICIT_RETAIN_SELF = YES;
				CLANG_WARN_OBJC_LITERAL_CONVERSION = YES;
				CLANG_WARN_OBJC_ROOT_CLASS = YES_ERROR;
				CLANG_WARN_QUOTED_INCLUDE_IN_FRAMEWORK_HEADER = YES;
				CLANG_WARN_RANGE_LOOP_ANALYSIS = YES;
				CLANG_WARN_STRICT_PROTOTYPES = YES;
				CLANG_WARN_SUSPICIOUS_MOVE = YES;
				CLANG_WARN_UNGUARDED_AVAILABILITY = YES_AGGRESSIVE;
				CLANG_WARN_UNREACHABLE_CODE = YES;
				CLANG_WARN__DUPLICATE_METHOD_MATCH = YES;
				COPY_PHASE_STRIP = NO;
				DEBUG_INFORMATION_FORMAT = dwarf;
				ENABLE_STRICT_OBJC_MSGSEND = YES;
				ENABLE_TESTABILITY = YES;
				GCC_C_LANGUAGE_STANDARD = gnu11;
				GCC_DYNAMIC_NO_PIC = NO;
				GCC_NO_COMMON_BLOCKS = YES;
				GCC_OPTIMIZATION_LEVEL = 0;
				GCC_PREPROCESSOR_DEFINITIONS = (
					"DEBUG=1",
					"$(inherited)",
				);
				GCC_WARN_64_TO_32_BIT_CONVERSION = YES;
				GCC_WARN_ABOUT_RETURN_TYPE = YES_ERROR;
				GCC_WARN_UNDECLARED_SELECTOR = YES;
				GCC_WARN_UNINITIALIZED_AUTOS = YES_AGGRESSIVE;
				GCC_WARN_UNUSED_FUNCTION = YES;
				GCC_WARN_UNUSED_VARIABLE = YES;
				IPHONEOS_DEPLOYMENT_TARGET = 15.4;
				MTL_ENABLE_DEBUG_INFO = INCLUDE_SOURCE;
				MTL_FAST_MATH = YES;
				ONLY_ACTIVE_ARCH = YES;
				SDKROOT = iphoneos;
				SWIFT_ACTIVE_COMPILATION_CONDITIONS = DEBUG;
				SWIFT_OPTIMIZATION_LEVEL = "-Onone";
			};
			name = Debug;
		};
		416D22912806F2B6009DD4B7 /* Release */ = {
			isa = XCBuildConfiguration;
			buildSettings = {
				ALWAYS_SEARCH_USER_PATHS = NO;
				CLANG_ANALYZER_NONNULL = YES;
				CLANG_ANALYZER_NUMBER_OBJECT_CONVERSION = YES_AGGRESSIVE;
				CLANG_CXX_LANGUAGE_STANDARD = "gnu++17";
				CLANG_ENABLE_MODULES = YES;
				CLANG_ENABLE_OBJC_ARC = YES;
				CLANG_ENABLE_OBJC_WEAK = YES;
				CLANG_WARN_BLOCK_CAPTURE_AUTORELEASING = YES;
				CLANG_WARN_BOOL_CONVERSION = YES;
				CLANG_WARN_COMMA = YES;
				CLANG_WARN_CONSTANT_CONVERSION = YES;
				CLANG_WARN_DEPRECATED_OBJC_IMPLEMENTATIONS = YES;
				CLANG_WARN_DIRECT_OBJC_ISA_USAGE = YES_ERROR;
				CLANG_WARN_DOCUMENTATION_COMMENTS = YES;
				CLANG_WARN_EMPTY_BODY = YES;
				CLANG_WARN_ENUM_CONVERSION = YES;
				CLANG_WARN_INFINITE_RECURSION = YES;
				CLANG_WARN_INT_CONVERSION = YES;
				CLANG_WARN_NON_LITERAL_NULL_CONVERSION = YES;
				CLANG_WARN_OBJC_IMPLICIT_RETAIN_SELF = YES;
				CLANG_WARN_OBJC_LITERAL_CONVERSION = YES;
				CLANG_WARN_OBJC_ROOT_CLASS = YES_ERROR;
				CLANG_WARN_QUOTED_INCLUDE_IN_FRAMEWORK_HEADER = YES;
				CLANG_WARN_RANGE_LOOP_ANALYSIS = YES;
				CLANG_WARN_STRICT_PROTOTYPES = YES;
				CLANG_WARN_SUSPICIOUS_MOVE = YES;
				CLANG_WARN_UNGUARDED_AVAILABILITY = YES_AGGRESSIVE;
				CLANG_WARN_UNREACHABLE_CODE = YES;
				CLANG_WARN__DUPLICATE_METHOD_MATCH = YES;
				COPY_PHASE_STRIP = NO;
				DEBUG_INFORMATION_FORMAT = "dwarf-with-dsym";
				ENABLE_NS_ASSERTIONS = NO;
				ENABLE_STRICT_OBJC_MSGSEND = YES;
				GCC_C_LANGUAGE_STANDARD = gnu11;
				GCC_NO_COMMON_BLOCKS = YES;
				GCC_WARN_64_TO_32_BIT_CONVERSION = YES;
				GCC_WARN_ABOUT_RETURN_TYPE = YES_ERROR;
				GCC_WARN_UNDECLARED_SELECTOR = YES;
				GCC_WARN_UNINITIALIZED_AUTOS = YES_AGGRESSIVE;
				GCC_WARN_UNUSED_FUNCTION = YES;
				GCC_WARN_UNUSED_VARIABLE = YES;
				IPHONEOS_DEPLOYMENT_TARGET = 15.4;
				MTL_ENABLE_DEBUG_INFO = NO;
				MTL_FAST_MATH = YES;
				SDKROOT = iphoneos;
				SWIFT_COMPILATION_MODE = wholemodule;
				SWIFT_OPTIMIZATION_LEVEL = "-O";
				VALIDATE_PRODUCT = YES;
			};
			name = Release;
		};
		416D22932806F2B6009DD4B7 /* Debug */ = {
			isa = XCBuildConfiguration;
			buildSettings = {
				ASSETCATALOG_COMPILER_APPICON_NAME = AppIcon;
				ASSETCATALOG_COMPILER_GLOBAL_ACCENT_COLOR_NAME = AccentColor;
				CODE_SIGN_STYLE = Automatic;
				CURRENT_PROJECT_VERSION = 1;
				DEVELOPMENT_ASSET_PATHS = "\"SnowSeeker/Preview Content\"";
				DEVELOPMENT_TEAM = 56F54J4H3N;
				ENABLE_PREVIEWS = YES;
				GENERATE_INFOPLIST_FILE = YES;
				INFOPLIST_KEY_UIApplicationSceneManifest_Generation = YES;
				INFOPLIST_KEY_UIApplicationSupportsIndirectInputEvents = YES;
				INFOPLIST_KEY_UILaunchScreen_Generation = YES;
				INFOPLIST_KEY_UISupportedInterfaceOrientations_iPad = "UIInterfaceOrientationPortrait UIInterfaceOrientationPortraitUpsideDown UIInterfaceOrientationLandscapeLeft UIInterfaceOrientationLandscapeRight";
				INFOPLIST_KEY_UISupportedInterfaceOrientations_iPhone = "UIInterfaceOrientationPortrait UIInterfaceOrientationLandscapeLeft UIInterfaceOrientationLandscapeRight";
				LD_RUNPATH_SEARCH_PATHS = (
					"$(inherited)",
					"@executable_path/Frameworks",
				);
				MARKETING_VERSION = 1.0;
				PRODUCT_BUNDLE_IDENTIFIER = com.mobilesoftwareservices.SnowSeeker;
				PRODUCT_NAME = "$(TARGET_NAME)";
				SWIFT_EMIT_LOC_STRINGS = YES;
				SWIFT_VERSION = 5.0;
				TARGETED_DEVICE_FAMILY = "1,2";
			};
			name = Debug;
		};
		416D22942806F2B6009DD4B7 /* Release */ = {
			isa = XCBuildConfiguration;
			buildSettings = {
				ASSETCATALOG_COMPILER_APPICON_NAME = AppIcon;
				ASSETCATALOG_COMPILER_GLOBAL_ACCENT_COLOR_NAME = AccentColor;
				CODE_SIGN_STYLE = Automatic;
				CURRENT_PROJECT_VERSION = 1;
				DEVELOPMENT_ASSET_PATHS = "\"SnowSeeker/Preview Content\"";
				DEVELOPMENT_TEAM = 56F54J4H3N;
				ENABLE_PREVIEWS = YES;
				GENERATE_INFOPLIST_FILE = YES;
				INFOPLIST_KEY_UIApplicationSceneManifest_Generation = YES;
				INFOPLIST_KEY_UIApplicationSupportsIndirectInputEvents = YES;
				INFOPLIST_KEY_UILaunchScreen_Generation = YES;
				INFOPLIST_KEY_UISupportedInterfaceOrientations_iPad = "UIInterfaceOrientationPortrait UIInterfaceOrientationPortraitUpsideDown UIInterfaceOrientationLandscapeLeft UIInterfaceOrientationLandscapeRight";
				INFOPLIST_KEY_UISupportedInterfaceOrientations_iPhone = "UIInterfaceOrientationPortrait UIInterfaceOrientationLandscapeLeft UIInterfaceOrientationLandscapeRight";
				LD_RUNPATH_SEARCH_PATHS = (
					"$(inherited)",
					"@executable_path/Frameworks",
				);
				MARKETING_VERSION = 1.0;
				PRODUCT_BUNDLE_IDENTIFIER = com.mobilesoftwareservices.SnowSeeker;
				PRODUCT_NAME = "$(TARGET_NAME)";
				SWIFT_EMIT_LOC_STRINGS = YES;
				SWIFT_VERSION = 5.0;
				TARGETED_DEVICE_FAMILY = "1,2";
			};
			name = Release;
		};
/* End XCBuildConfiguration section */

/* Begin XCConfigurationList section */
		416D227F2806F29A009DD4B7 /* Build configuration list for PBXProject "SnowSeeker" */ = {
			isa = XCConfigurationList;
			buildConfigurations = (
				416D22902806F2B6009DD4B7 /* Debug */,
				416D22912806F2B6009DD4B7 /* Release */,
			);
			defaultConfigurationIsVisible = 0;
			defaultConfigurationName = Release;
		};
		416D22922806F2B6009DD4B7 /* Build configuration list for PBXNativeTarget "SnowSeeker" */ = {
			isa = XCConfigurationList;
			buildConfigurations = (
				416D22932806F2B6009DD4B7 /* Debug */,
				416D22942806F2B6009DD4B7 /* Release */,
			);
			defaultConfigurationIsVisible = 0;
			defaultConfigurationName = Release;
		};
/* End XCConfigurationList section */
	};
	rootObject = 416D227C2806F29A009DD4B7 /* Project object */;
}
