// !$*UTF8*$!
{
	archiveVersion = 1;
	classes = {
	};
	objectVersion = 56;
	objects = {

/* Begin PBXBuildFile section */
		4D1E1A8E2922A20400E5A1B8 /* FungiFinderApp.swift in Sources */ = {isa = PBXBuildFile; fileRef = 4D1E1A8D2922A20400E5A1B8 /* FungiFinderApp.swift */; };
		4D1E1A902922A20400E5A1B8 /* ContentView.swift in Sources */ = {isa = PBXBuildFile; fileRef = 4D1E1A8F2922A20400E5A1B8 /* ContentView.swift */; };
		4D1E1A922922A20700E5A1B8 /* Assets.xcassets in Resources */ = {isa = PBXBuildFile; fileRef = 4D1E1A912922A20700E5A1B8 /* Assets.xcassets */; };
		4D1E1A952922A20700E5A1B8 /* Preview Assets.xcassets in Resources */ = {isa = PBXBuildFile; fileRef = 4D1E1A942922A20700E5A1B8 /* Preview Assets.xcassets */; };
		4D1E1AA02922A31900E5A1B8 /* RegisterView.swift in Sources */ = {isa = PBXBuildFile; fileRef = 4D1E1A9F2922A31900E5A1B8 /* RegisterView.swift */; };
		4D1E1AA22922A3BD00E5A1B8 /* PhotoCaptureView.swift in Sources */ = {isa = PBXBuildFile; fileRef = 4D1E1AA12922A3BD00E5A1B8 /* PhotoCaptureView.swift */; };
		4D1E1AA42922A43F00E5A1B8 /* LoginView.swift in Sources */ = {isa = PBXBuildFile; fileRef = 4D1E1AA32922A43F00E5A1B8 /* LoginView.swift */; };
		4D1E1AA62922B24D00E5A1B8 /* SecondaryButtonStyle.swift in Sources */ = {isa = PBXBuildFile; fileRef = 4D1E1AA52922B24D00E5A1B8 /* SecondaryButtonStyle.swift */; };
		4D1E1AA92922B33600E5A1B8 /* PrimaryButtonStyle.swift in Sources */ = {isa = PBXBuildFile; fileRef = 4D1E1AA82922B33600E5A1B8 /* PrimaryButtonStyle.swift */; };
		4D1E1AAB2922CA6500E5A1B8 /* LoadingView.swift in Sources */ = {isa = PBXBuildFile; fileRef = 4D1E1AAA2922CA6500E5A1B8 /* LoadingView.swift */; };
		4D1E1AAD2922CADB00E5A1B8 /* ImagePicker.swift in Sources */ = {isa = PBXBuildFile; fileRef = 4D1E1AAC2922CADB00E5A1B8 /* ImagePicker.swift */; };
		4D1E1AAF2922CB3A00E5A1B8 /* FungiListView.swift in Sources */ = {isa = PBXBuildFile; fileRef = 4D1E1AAE2922CB3A00E5A1B8 /* FungiListView.swift */; };
		4D1E1AB12922CB9D00E5A1B8 /* UIImage+Extensions.swift in Sources */ = {isa = PBXBuildFile; fileRef = 4D1E1AB02922CB9D00E5A1B8 /* UIImage+Extensions.swift */; };
		4D1E1AB32922CBF200E5A1B8 /* View+Extensions.swift in Sources */ = {isa = PBXBuildFile; fileRef = 4D1E1AB22922CBF200E5A1B8 /* View+Extensions.swift */; };
		4D1E1AB52922CC9000E5A1B8 /* EmptyFungiView.swift in Sources */ = {isa = PBXBuildFile; fileRef = 4D1E1AB42922CC9000E5A1B8 /* EmptyFungiView.swift */; };
		4D1E1AB729236CFB00E5A1B8 /* GoogleService-Info.plist in Resources */ = {isa = PBXBuildFile; fileRef = 4D1E1AB629236CFB00E5A1B8 /* GoogleService-Info.plist */; };
		4D1E1ABA29236DDF00E5A1B8 /* FirebaseAnalytics in Frameworks */ = {isa = PBXBuildFile; productRef = 4D1E1AB929236DDF00E5A1B8 /* FirebaseAnalytics */; };
		4D1E1ABC29236DDF00E5A1B8 /* FirebaseAuth in Frameworks */ = {isa = PBXBuildFile; productRef = 4D1E1ABB29236DDF00E5A1B8 /* FirebaseAuth */; };
		4D1E1ABE29236DDF00E5A1B8 /* FirebaseAuthCombine-Community in Frameworks */ = {isa = PBXBuildFile; productRef = 4D1E1ABD29236DDF00E5A1B8 /* FirebaseAuthCombine-Community */; };
		4D1E1AC029236DDF00E5A1B8 /* FirebaseCrashlytics in Frameworks */ = {isa = PBXBuildFile; productRef = 4D1E1ABF29236DDF00E5A1B8 /* FirebaseCrashlytics */; };
		4D1E1AC229236DDF00E5A1B8 /* FirebaseDatabase in Frameworks */ = {isa = PBXBuildFile; productRef = 4D1E1AC129236DDF00E5A1B8 /* FirebaseDatabase */; };
		4D1E1AC429236DDF00E5A1B8 /* FirebaseDatabaseSwift in Frameworks */ = {isa = PBXBuildFile; productRef = 4D1E1AC329236DDF00E5A1B8 /* FirebaseDatabaseSwift */; };
		4D1E1AC629236DDF00E5A1B8 /* FirebaseFirestore in Frameworks */ = {isa = PBXBuildFile; productRef = 4D1E1AC529236DDF00E5A1B8 /* FirebaseFirestore */; };
		4D1E1AC829236DDF00E5A1B8 /* FirebaseFirestoreCombine-Community in Frameworks */ = {isa = PBXBuildFile; productRef = 4D1E1AC729236DDF00E5A1B8 /* FirebaseFirestoreCombine-Community */; };
		4D1E1ACA29236DDF00E5A1B8 /* FirebaseFirestoreSwift in Frameworks */ = {isa = PBXBuildFile; productRef = 4D1E1AC929236DDF00E5A1B8 /* FirebaseFirestoreSwift */; };
		4D1E1ACC29236DDF00E5A1B8 /* FirebaseStorage in Frameworks */ = {isa = PBXBuildFile; productRef = 4D1E1ACB29236DDF00E5A1B8 /* FirebaseStorage */; };
		4D1E1ACE29236DDF00E5A1B8 /* FirebaseStorageCombine-Community in Frameworks */ = {isa = PBXBuildFile; productRef = 4D1E1ACD29236DDF00E5A1B8 /* FirebaseStorageCombine-Community */; };
		4D1E1AD0292370BD00E5A1B8 /* RegisterViewModel.swift in Sources */ = {isa = PBXBuildFile; fileRef = 4D1E1ACF292370BD00E5A1B8 /* RegisterViewModel.swift */; };
		4D1E1AD22923740000E5A1B8 /* LoginViewModel.swift in Sources */ = {isa = PBXBuildFile; fileRef = 4D1E1AD12923740000E5A1B8 /* LoginViewModel.swift */; };
		4D1E1AD429237A2D00E5A1B8 /* FungiListViewModel.swift in Sources */ = {isa = PBXBuildFile; fileRef = 4D1E1AD329237A2D00E5A1B8 /* FungiListViewModel.swift */; };
		4D1E1AD6292390E700E5A1B8 /* Fungi.swift in Sources */ = {isa = PBXBuildFile; fileRef = 4D1E1AD5292390E700E5A1B8 /* Fungi.swift */; };
		4D1E1AD82923F39800E5A1B8 /* FungiViewModel.swift in Sources */ = {isa = PBXBuildFile; fileRef = 4D1E1AD72923F39800E5A1B8 /* FungiViewModel.swift */; };
/* End PBXBuildFile section */

/* Begin PBXFileReference section */
		4D1E1A8A2922A20400E5A1B8 /* FungiFinder.app */ = {isa = PBXFileReference; explicitFileType = wrapper.application; includeInIndex = 0; path = FungiFinder.app; sourceTree = BUILT_PRODUCTS_DIR; };
		4D1E1A8D2922A20400E5A1B8 /* FungiFinderApp.swift */ = {isa = PBXFileReference; lastKnownFileType = sourcecode.swift; path = FungiFinderApp.swift; sourceTree = "<group>"; };
		4D1E1A8F2922A20400E5A1B8 /* ContentView.swift */ = {isa = PBXFileReference; lastKnownFileType = sourcecode.swift; path = ContentView.swift; sourceTree = "<group>"; };
		4D1E1A912922A20700E5A1B8 /* Assets.xcassets */ = {isa = PBXFileReference; lastKnownFileType = folder.assetcatalog; path = Assets.xcassets; sourceTree = "<group>"; };
		4D1E1A942922A20700E5A1B8 /* Preview Assets.xcassets */ = {isa = PBXFileReference; lastKnownFileType = folder.assetcatalog; path = "Preview Assets.xcassets"; sourceTree = "<group>"; };
		4D1E1A9F2922A31900E5A1B8 /* RegisterView.swift */ = {isa = PBXFileReference; lastKnownFileType = sourcecode.swift; path = RegisterView.swift; sourceTree = "<group>"; };
		4D1E1AA12922A3BD00E5A1B8 /* PhotoCaptureView.swift */ = {isa = PBXFileReference; lastKnownFileType = sourcecode.swift; path = PhotoCaptureView.swift; sourceTree = "<group>"; };
		4D1E1AA32922A43F00E5A1B8 /* LoginView.swift */ = {isa = PBXFileReference; lastKnownFileType = sourcecode.swift; path = LoginView.swift; sourceTree = "<group>"; };
		4D1E1AA52922B24D00E5A1B8 /* SecondaryButtonStyle.swift */ = {isa = PBXFileReference; lastKnownFileType = sourcecode.swift; path = SecondaryButtonStyle.swift; sourceTree = "<group>"; };
		4D1E1AA82922B33600E5A1B8 /* PrimaryButtonStyle.swift */ = {isa = PBXFileReference; lastKnownFileType = sourcecode.swift; path = PrimaryButtonStyle.swift; sourceTree = "<group>"; };
		4D1E1AAA2922CA6500E5A1B8 /* LoadingView.swift */ = {isa = PBXFileReference; lastKnownFileType = sourcecode.swift; path = LoadingView.swift; sourceTree = "<group>"; };
		4D1E1AAC2922CADB00E5A1B8 /* ImagePicker.swift */ = {isa = PBXFileReference; lastKnownFileType = sourcecode.swift; path = ImagePicker.swift; sourceTree = "<group>"; };
		4D1E1AAE2922CB3A00E5A1B8 /* FungiListView.swift */ = {isa = PBXFileReference; lastKnownFileType = sourcecode.swift; path = FungiListView.swift; sourceTree = "<group>"; };
		4D1E1AB02922CB9D00E5A1B8 /* UIImage+Extensions.swift */ = {isa = PBXFileReference; lastKnownFileType = sourcecode.swift; path = "UIImage+Extensions.swift"; sourceTree = "<group>"; };
		4D1E1AB22922CBF200E5A1B8 /* View+Extensions.swift */ = {isa = PBXFileReference; lastKnownFileType = sourcecode.swift; path = "View+Extensions.swift"; sourceTree = "<group>"; };
		4D1E1AB42922CC9000E5A1B8 /* EmptyFungiView.swift */ = {isa = PBXFileReference; lastKnownFileType = sourcecode.swift; path = EmptyFungiView.swift; sourceTree = "<group>"; };
		4D1E1AB629236CFB00E5A1B8 /* GoogleService-Info.plist */ = {isa = PBXFileReference; fileEncoding = 4; lastKnownFileType = text.plist.xml; path = "GoogleService-Info.plist"; sourceTree = "<group>"; };
		4D1E1ACF292370BD00E5A1B8 /* RegisterViewModel.swift */ = {isa = PBXFileReference; lastKnownFileType = sourcecode.swift; path = RegisterViewModel.swift; sourceTree = "<group>"; };
		4D1E1AD12923740000E5A1B8 /* LoginViewModel.swift */ = {isa = PBXFileReference; lastKnownFileType = sourcecode.swift; path = LoginViewModel.swift; sourceTree = "<group>"; };
		4D1E1AD329237A2D00E5A1B8 /* FungiListViewModel.swift */ = {isa = PBXFileReference; lastKnownFileType = sourcecode.swift; path = FungiListViewModel.swift; sourceTree = "<group>"; };
		4D1E1AD5292390E700E5A1B8 /* Fungi.swift */ = {isa = PBXFileReference; lastKnownFileType = sourcecode.swift; path = Fungi.swift; sourceTree = "<group>"; };
		4D1E1AD72923F39800E5A1B8 /* FungiViewModel.swift */ = {isa = PBXFileReference; lastKnownFileType = sourcecode.swift; path = FungiViewModel.swift; sourceTree = "<group>"; };
/* End PBXFileReference section */

/* Begin PBXFrameworksBuildPhase section */
		4D1E1A872922A20400E5A1B8 /* Frameworks */ = {
			isa = PBXFrameworksBuildPhase;
			buildActionMask = 2147483647;
			files = (
				4D1E1ACE29236DDF00E5A1B8 /* FirebaseStorageCombine-Community in Frameworks */,
				4D1E1AC429236DDF00E5A1B8 /* FirebaseDatabaseSwift in Frameworks */,
				4D1E1AC829236DDF00E5A1B8 /* FirebaseFirestoreCombine-Community in Frameworks */,
				4D1E1AC229236DDF00E5A1B8 /* FirebaseDatabase in Frameworks */,
				4D1E1ACC29236DDF00E5A1B8 /* FirebaseStorage in Frameworks */,
				4D1E1ABA29236DDF00E5A1B8 /* FirebaseAnalytics in Frameworks */,
				4D1E1AC029236DDF00E5A1B8 /* FirebaseCrashlytics in Frameworks */,
				4D1E1ABE29236DDF00E5A1B8 /* FirebaseAuthCombine-Community in Frameworks */,
				4D1E1ABC29236DDF00E5A1B8 /* FirebaseAuth in Frameworks */,
				4D1E1AC629236DDF00E5A1B8 /* FirebaseFirestore in Frameworks */,
				4D1E1ACA29236DDF00E5A1B8 /* FirebaseFirestoreSwift in Frameworks */,
			);
			runOnlyForDeploymentPostprocessing = 0;
		};
/* End PBXFrameworksBuildPhase section */

/* Begin PBXGroup section */
		4D1E1A812922A20400E5A1B8 = {
			isa = PBXGroup;
			children = (
				4D1E1A8C2922A20400E5A1B8 /* FungiFinder */,
				4D1E1A8B2922A20400E5A1B8 /* Products */,
			);
			sourceTree = "<group>";
		};
		4D1E1A8B2922A20400E5A1B8 /* Products */ = {
			isa = PBXGroup;
			children = (
				4D1E1A8A2922A20400E5A1B8 /* FungiFinder.app */,
			);
			name = Products;
			sourceTree = "<group>";
		};
		4D1E1A8C2922A20400E5A1B8 /* FungiFinder */ = {
			isa = PBXGroup;
			children = (
				4D1E1A9E2922A25F00E5A1B8 /* Views */,
				4D1E1A9D2922A25600E5A1B8 /* ViewModels */,
				4D1E1A9C2922A24A00E5A1B8 /* Models */,
				4D1E1A9B2922A23400E5A1B8 /* Extensions */,
				4D1E1AB629236CFB00E5A1B8 /* GoogleService-Info.plist */,
				4D1E1A8D2922A20400E5A1B8 /* FungiFinderApp.swift */,
				4D1E1A8F2922A20400E5A1B8 /* ContentView.swift */,
				4D1E1A912922A20700E5A1B8 /* Assets.xcassets */,
				4D1E1A932922A20700E5A1B8 /* Preview Content */,
			);
			path = FungiFinder;
			sourceTree = "<group>";
		};
		4D1E1A932922A20700E5A1B8 /* Preview Content */ = {
			isa = PBXGroup;
			children = (
				4D1E1A942922A20700E5A1B8 /* Preview Assets.xcassets */,
			);
			path = "Preview Content";
			sourceTree = "<group>";
		};
		4D1E1A9B2922A23400E5A1B8 /* Extensions */ = {
			isa = PBXGroup;
			children = (
				4D1E1AB02922CB9D00E5A1B8 /* UIImage+Extensions.swift */,
				4D1E1AB22922CBF200E5A1B8 /* View+Extensions.swift */,
			);
			path = Extensions;
			sourceTree = "<group>";
		};
		4D1E1A9C2922A24A00E5A1B8 /* Models */ = {
			isa = PBXGroup;
			children = (
				4D1E1AD5292390E700E5A1B8 /* Fungi.swift */,
			);
			path = Models;
			sourceTree = "<group>";
		};
		4D1E1A9D2922A25600E5A1B8 /* ViewModels */ = {
			isa = PBXGroup;
			children = (
				4D1E1ACF292370BD00E5A1B8 /* RegisterViewModel.swift */,
				4D1E1AD12923740000E5A1B8 /* LoginViewModel.swift */,
				4D1E1AD329237A2D00E5A1B8 /* FungiListViewModel.swift */,
				4D1E1AD72923F39800E5A1B8 /* FungiViewModel.swift */,
			);
			path = ViewModels;
			sourceTree = "<group>";
		};
		4D1E1A9E2922A25F00E5A1B8 /* Views */ = {
			isa = PBXGroup;
			children = (
				4D1E1AA72922B30100E5A1B8 /* Styles */,
				4D1E1A9F2922A31900E5A1B8 /* RegisterView.swift */,
				4D1E1AA12922A3BD00E5A1B8 /* PhotoCaptureView.swift */,
				4D1E1AA32922A43F00E5A1B8 /* LoginView.swift */,
				4D1E1AAA2922CA6500E5A1B8 /* LoadingView.swift */,
				4D1E1AAC2922CADB00E5A1B8 /* ImagePicker.swift */,
				4D1E1AAE2922CB3A00E5A1B8 /* FungiListView.swift */,
				4D1E1AB42922CC9000E5A1B8 /* EmptyFungiView.swift */,
			);
			path = Views;
			sourceTree = "<group>";
		};
		4D1E1AA72922B30100E5A1B8 /* Styles */ = {
			isa = PBXGroup;
			children = (
				4D1E1AA52922B24D00E5A1B8 /* SecondaryButtonStyle.swift */,
				4D1E1AA82922B33600E5A1B8 /* PrimaryButtonStyle.swift */,
			);
			path = Styles;
			sourceTree = "<group>";
		};
/* End PBXGroup section */

/* Begin PBXNativeTarget section */
		4D1E1A892922A20400E5A1B8 /* FungiFinder */ = {
			isa = PBXNativeTarget;
			buildConfigurationList = 4D1E1A982922A20700E5A1B8 /* Build configuration list for PBXNativeTarget "FungiFinder" */;
			buildPhases = (
				4D1E1A862922A20400E5A1B8 /* Sources */,
				4D1E1A872922A20400E5A1B8 /* Frameworks */,
				4D1E1A882922A20400E5A1B8 /* Resources */,
			);
			buildRules = (
			);
			dependencies = (
			);
			name = FungiFinder;
			packageProductDependencies = (
				4D1E1AB929236DDF00E5A1B8 /* FirebaseAnalytics */,
				4D1E1ABB29236DDF00E5A1B8 /* FirebaseAuth */,
				4D1E1ABD29236DDF00E5A1B8 /* FirebaseAuthCombine-Community */,
				4D1E1ABF29236DDF00E5A1B8 /* FirebaseCrashlytics */,
				4D1E1AC129236DDF00E5A1B8 /* FirebaseDatabase */,
				4D1E1AC329236DDF00E5A1B8 /* FirebaseDatabaseSwift */,
				4D1E1AC529236DDF00E5A1B8 /* FirebaseFirestore */,
				4D1E1AC729236DDF00E5A1B8 /* FirebaseFirestoreCombine-Community */,
				4D1E1AC929236DDF00E5A1B8 /* FirebaseFirestoreSwift */,
				4D1E1ACB29236DDF00E5A1B8 /* FirebaseStorage */,
				4D1E1ACD29236DDF00E5A1B8 /* FirebaseStorageCombine-Community */,
			);
			productName = FungiFinder;
			productReference = 4D1E1A8A2922A20400E5A1B8 /* FungiFinder.app */;
			productType = "com.apple.product-type.application";
		};
/* End PBXNativeTarget section */

/* Begin PBXProject section */
		4D1E1A822922A20400E5A1B8 /* Project object */ = {
			isa = PBXProject;
			attributes = {
				BuildIndependentTargetsInParallel = 1;
				LastSwiftUpdateCheck = 1410;
				LastUpgradeCheck = 1410;
				TargetAttributes = {
					4D1E1A892922A20400E5A1B8 = {
						CreatedOnToolsVersion = 14.1;
					};
				};
			};
			buildConfigurationList = 4D1E1A852922A20400E5A1B8 /* Build configuration list for PBXProject "FungiFinder" */;
			compatibilityVersion = "Xcode 14.0";
			developmentRegion = en;
			hasScannedForEncodings = 0;
			knownRegions = (
				en,
				Base,
			);
			mainGroup = 4D1E1A812922A20400E5A1B8;
			packageReferences = (
				4D1E1AB829236DDF00E5A1B8 /* XCRemoteSwiftPackageReference "firebase-ios-sdk" */,
			);
			productRefGroup = 4D1E1A8B2922A20400E5A1B8 /* Products */;
			projectDirPath = "";
			projectRoot = "";
			targets = (
				4D1E1A892922A20400E5A1B8 /* FungiFinder */,
			);
		};
/* End PBXProject section */

/* Begin PBXResourcesBuildPhase section */
		4D1E1A882922A20400E5A1B8 /* Resources */ = {
			isa = PBXResourcesBuildPhase;
			buildActionMask = 2147483647;
			files = (
				4D1E1A952922A20700E5A1B8 /* Preview Assets.xcassets in Resources */,
				4D1E1A922922A20700E5A1B8 /* Assets.xcassets in Resources */,
				4D1E1AB729236CFB00E5A1B8 /* GoogleService-Info.plist in Resources */,
			);
			runOnlyForDeploymentPostprocessing = 0;
		};
/* End PBXResourcesBuildPhase section */

/* Begin PBXSourcesBuildPhase section */
		4D1E1A862922A20400E5A1B8 /* Sources */ = {
			isa = PBXSourcesBuildPhase;
			buildActionMask = 2147483647;
			files = (
				4D1E1AAF2922CB3A00E5A1B8 /* FungiListView.swift in Sources */,
				4D1E1AA92922B33600E5A1B8 /* PrimaryButtonStyle.swift in Sources */,
				4D1E1AA02922A31900E5A1B8 /* RegisterView.swift in Sources */,
				4D1E1A902922A20400E5A1B8 /* ContentView.swift in Sources */,
				4D1E1AD429237A2D00E5A1B8 /* FungiListViewModel.swift in Sources */,
				4D1E1AB12922CB9D00E5A1B8 /* UIImage+Extensions.swift in Sources */,
				4D1E1AD82923F39800E5A1B8 /* FungiViewModel.swift in Sources */,
				4D1E1AAD2922CADB00E5A1B8 /* ImagePicker.swift in Sources */,
				4D1E1AA22922A3BD00E5A1B8 /* PhotoCaptureView.swift in Sources */,
				4D1E1AA42922A43F00E5A1B8 /* LoginView.swift in Sources */,
				4D1E1AD6292390E700E5A1B8 /* Fungi.swift in Sources */,
				4D1E1AD22923740000E5A1B8 /* LoginViewModel.swift in Sources */,
				4D1E1AAB2922CA6500E5A1B8 /* LoadingView.swift in Sources */,
				4D1E1AD0292370BD00E5A1B8 /* RegisterViewModel.swift in Sources */,
				4D1E1A8E2922A20400E5A1B8 /* FungiFinderApp.swift in Sources */,
				4D1E1AB52922CC9000E5A1B8 /* EmptyFungiView.swift in Sources */,
				4D1E1AB32922CBF200E5A1B8 /* View+Extensions.swift in Sources */,
				4D1E1AA62922B24D00E5A1B8 /* SecondaryButtonStyle.swift in Sources */,
			);
			runOnlyForDeploymentPostprocessing = 0;
		};
/* End PBXSourcesBuildPhase section */

/* Begin XCBuildConfiguration section */
		4D1E1A962922A20700E5A1B8 /* Debug */ = {
			isa = XCBuildConfiguration;
			buildSettings = {
				ALWAYS_SEARCH_USER_PATHS = NO;
				CLANG_ANALYZER_NONNULL = YES;
				CLANG_ANALYZER_NUMBER_OBJECT_CONVERSION = YES_AGGRESSIVE;
				CLANG_CXX_LANGUAGE_STANDARD = "gnu++20";
				CLANG_ENABLE_MODULES = YES;
				CLANG_ENABLE_OBJC_ARC = YES;
				CLANG_ENABLE_OBJC_WEAK = YES;
				CLANG_WARN_BLOCK_CAPTURE_AUTORELEASING = YES;
				CLANG_WARN_BOOL_CONVERSION = YES;
				CLANG_WARN_COMMA = YES;
				CLANG_WARN_CONSTANT_CONVERSION = YES;
				CLANG_WARN_DEPRECATED_OBJC_IMPLEMENTATIONS = YES;
				CLANG_WARN_DIRECT_OBJC_ISA_USAGE = YES_ERROR;
				CLANG_WARN_DOCUMENTATION_COMMENTS = YES;
				CLANG_WARN_EMPTY_BODY = YES;
				CLANG_WARN_ENUM_CONVERSION = YES;
				CLANG_WARN_INFINITE_RECURSION = YES;
				CLANG_WARN_INT_CONVERSION = YES;
				CLANG_WARN_NON_LITERAL_NULL_CONVERSION = YES;
				CLANG_WARN_OBJC_IMPLICIT_RETAIN_SELF = YES;
				CLANG_WARN_OBJC_LITERAL_CONVERSION = YES;
				CLANG_WARN_OBJC_ROOT_CLASS = YES_ERROR;
				CLANG_WARN_QUOTED_INCLUDE_IN_FRAMEWORK_HEADER = YES;
				CLANG_WARN_RANGE_LOOP_ANALYSIS = YES;
				CLANG_WARN_STRICT_PROTOTYPES = YES;
				CLANG_WARN_SUSPICIOUS_MOVE = YES;
				CLANG_WARN_UNGUARDED_AVAILABILITY = YES_AGGRESSIVE;
				CLANG_WARN_UNREACHABLE_CODE = YES;
				CLANG_WARN__DUPLICATE_METHOD_MATCH = YES;
				COPY_PHASE_STRIP = NO;
				DEBUG_INFORMATION_FORMAT = dwarf;
				ENABLE_STRICT_OBJC_MSGSEND = YES;
				ENABLE_TESTABILITY = YES;
				GCC_C_LANGUAGE_STANDARD = gnu11;
				GCC_DYNAMIC_NO_PIC = NO;
				GCC_NO_COMMON_BLOCKS = YES;
				GCC_OPTIMIZATION_LEVEL = 0;
				GCC_PREPROCESSOR_DEFINITIONS = (
					"DEBUG=1",
					"$(inherited)",
				);
				GCC_WARN_64_TO_32_BIT_CONVERSION = YES;
				GCC_WARN_ABOUT_RETURN_TYPE = YES_ERROR;
				GCC_WARN_UNDECLARED_SELECTOR = YES;
				GCC_WARN_UNINITIALIZED_AUTOS = YES_AGGRESSIVE;
				GCC_WARN_UNUSED_FUNCTION = YES;
				GCC_WARN_UNUSED_VARIABLE = YES;
				IPHONEOS_DEPLOYMENT_TARGET = 16.1;
				MTL_ENABLE_DEBUG_INFO = INCLUDE_SOURCE;
				MTL_FAST_MATH = YES;
				ONLY_ACTIVE_ARCH = YES;
				SDKROOT = iphoneos;
				SWIFT_ACTIVE_COMPILATION_CONDITIONS = DEBUG;
				SWIFT_OPTIMIZATION_LEVEL = "-Onone";
			};
			name = Debug;
		};
		4D1E1A972922A20700E5A1B8 /* Release */ = {
			isa = XCBuildConfiguration;
			buildSettings = {
				ALWAYS_SEARCH_USER_PATHS = NO;
				CLANG_ANALYZER_NONNULL = YES;
				CLANG_ANALYZER_NUMBER_OBJECT_CONVERSION = YES_AGGRESSIVE;
				CLANG_CXX_LANGUAGE_STANDARD = "gnu++20";
				CLANG_ENABLE_MODULES = YES;
				CLANG_ENABLE_OBJC_ARC = YES;
				CLANG_ENABLE_OBJC_WEAK = YES;
				CLANG_WARN_BLOCK_CAPTURE_AUTORELEASING = YES;
				CLANG_WARN_BOOL_CONVERSION = YES;
				CLANG_WARN_COMMA = YES;
				CLANG_WARN_CONSTANT_CONVERSION = YES;
				CLANG_WARN_DEPRECATED_OBJC_IMPLEMENTATIONS = YES;
				CLANG_WARN_DIRECT_OBJC_ISA_USAGE = YES_ERROR;
				CLANG_WARN_DOCUMENTATION_COMMENTS = YES;
				CLANG_WARN_EMPTY_BODY = YES;
				CLANG_WARN_ENUM_CONVERSION = YES;
				CLANG_WARN_INFINITE_RECURSION = YES;
				CLANG_WARN_INT_CONVERSION = YES;
				CLANG_WARN_NON_LITERAL_NULL_CONVERSION = YES;
				CLANG_WARN_OBJC_IMPLICIT_RETAIN_SELF = YES;
				CLANG_WARN_OBJC_LITERAL_CONVERSION = YES;
				CLANG_WARN_OBJC_ROOT_CLASS = YES_ERROR;
				CLANG_WARN_QUOTED_INCLUDE_IN_FRAMEWORK_HEADER = YES;
				CLANG_WARN_RANGE_LOOP_ANALYSIS = YES;
				CLANG_WARN_STRICT_PROTOTYPES = YES;
				CLANG_WARN_SUSPICIOUS_MOVE = YES;
				CLANG_WARN_UNGUARDED_AVAILABILITY = YES_AGGRESSIVE;
				CLANG_WARN_UNREACHABLE_CODE = YES;
				CLANG_WARN__DUPLICATE_METHOD_MATCH = YES;
				COPY_PHASE_STRIP = NO;
				DEBUG_INFORMATION_FORMAT = "dwarf-with-dsym";
				ENABLE_NS_ASSERTIONS = NO;
				ENABLE_STRICT_OBJC_MSGSEND = YES;
				GCC_C_LANGUAGE_STANDARD = gnu11;
				GCC_NO_COMMON_BLOCKS = YES;
				GCC_WARN_64_TO_32_BIT_CONVERSION = YES;
				GCC_WARN_ABOUT_RETURN_TYPE = YES_ERROR;
				GCC_WARN_UNDECLARED_SELECTOR = YES;
				GCC_WARN_UNINITIALIZED_AUTOS = YES_AGGRESSIVE;
				GCC_WARN_UNUSED_FUNCTION = YES;
				GCC_WARN_UNUSED_VARIABLE = YES;
				IPHONEOS_DEPLOYMENT_TARGET = 16.1;
				MTL_ENABLE_DEBUG_INFO = NO;
				MTL_FAST_MATH = YES;
				SDKROOT = iphoneos;
				SWIFT_COMPILATION_MODE = wholemodule;
				SWIFT_OPTIMIZATION_LEVEL = "-O";
				VALIDATE_PRODUCT = YES;
			};
			name = Release;
		};
		4D1E1A992922A20700E5A1B8 /* Debug */ = {
			isa = XCBuildConfiguration;
			buildSettings = {
				ASSETCATALOG_COMPILER_APPICON_NAME = AppIcon;
				ASSETCATALOG_COMPILER_GLOBAL_ACCENT_COLOR_NAME = AccentColor;
				CODE_SIGN_STYLE = Automatic;
				CURRENT_PROJECT_VERSION = 1;
				DEVELOPMENT_ASSET_PATHS = "\"FungiFinder/Preview Content\"";
				DEVELOPMENT_TEAM = 56F54J4H3N;
				ENABLE_PREVIEWS = YES;
				GENERATE_INFOPLIST_FILE = YES;
				INFOPLIST_KEY_UIApplicationSceneManifest_Generation = YES;
				INFOPLIST_KEY_UIApplicationSupportsIndirectInputEvents = YES;
				INFOPLIST_KEY_UILaunchScreen_Generation = YES;
				INFOPLIST_KEY_UISupportedInterfaceOrientations_iPad = "UIInterfaceOrientationPortrait UIInterfaceOrientationPortraitUpsideDown UIInterfaceOrientationLandscapeLeft UIInterfaceOrientationLandscapeRight";
				INFOPLIST_KEY_UISupportedInterfaceOrientations_iPhone = "UIInterfaceOrientationPortrait UIInterfaceOrientationLandscapeLeft UIInterfaceOrientationLandscapeRight";
				LD_RUNPATH_SEARCH_PATHS = (
					"$(inherited)",
					"@executable_path/Frameworks",
				);
				MARKETING_VERSION = 1.0;
				PRODUCT_BUNDLE_IDENTIFIER = mobilesoftwareservices.FungiFinder;
				PRODUCT_NAME = "$(TARGET_NAME)";
				SWIFT_EMIT_LOC_STRINGS = YES;
				SWIFT_VERSION = 5.0;
				TARGETED_DEVICE_FAMILY = "1,2";
			};
			name = Debug;
		};
		4D1E1A9A2922A20700E5A1B8 /* Release */ = {
			isa = XCBuildConfiguration;
			buildSettings = {
				ASSETCATALOG_COMPILER_APPICON_NAME = AppIcon;
				ASSETCATALOG_COMPILER_GLOBAL_ACCENT_COLOR_NAME = AccentColor;
				CODE_SIGN_STYLE = Automatic;
				CURRENT_PROJECT_VERSION = 1;
				DEVELOPMENT_ASSET_PATHS = "\"FungiFinder/Preview Content\"";
				DEVELOPMENT_TEAM = 56F54J4H3N;
				ENABLE_PREVIEWS = YES;
				GENERATE_INFOPLIST_FILE = YES;
				INFOPLIST_KEY_UIApplicationSceneManifest_Generation = YES;
				INFOPLIST_KEY_UIApplicationSupportsIndirectInputEvents = YES;
				INFOPLIST_KEY_UILaunchScreen_Generation = YES;
				INFOPLIST_KEY_UISupportedInterfaceOrientations_iPad = "UIInterfaceOrientationPortrait UIInterfaceOrientationPortraitUpsideDown UIInterfaceOrientationLandscapeLeft UIInterfaceOrientationLandscapeRight";
				INFOPLIST_KEY_UISupportedInterfaceOrientations_iPhone = "UIInterfaceOrientationPortrait UIInterfaceOrientationLandscapeLeft UIInterfaceOrientationLandscapeRight";
				LD_RUNPATH_SEARCH_PATHS = (
					"$(inherited)",
					"@executable_path/Frameworks",
				);
				MARKETING_VERSION = 1.0;
				PRODUCT_BUNDLE_IDENTIFIER = mobilesoftwareservices.FungiFinder;
				PRODUCT_NAME = "$(TARGET_NAME)";
				SWIFT_EMIT_LOC_STRINGS = YES;
				SWIFT_VERSION = 5.0;
				TARGETED_DEVICE_FAMILY = "1,2";
			};
			name = Release;
		};
/* End XCBuildConfiguration section */

/* Begin XCConfigurationList section */
		4D1E1A852922A20400E5A1B8 /* Build configuration list for PBXProject "FungiFinder" */ = {
			isa = XCConfigurationList;
			buildConfigurations = (
				4D1E1A962922A20700E5A1B8 /* Debug */,
				4D1E1A972922A20700E5A1B8 /* Release */,
			);
			defaultConfigurationIsVisible = 0;
			defaultConfigurationName = Release;
		};
		4D1E1A982922A20700E5A1B8 /* Build configuration list for PBXNativeTarget "FungiFinder" */ = {
			isa = XCConfigurationList;
			buildConfigurations = (
				4D1E1A992922A20700E5A1B8 /* Debug */,
				4D1E1A9A2922A20700E5A1B8 /* Release */,
			);
			defaultConfigurationIsVisible = 0;
			defaultConfigurationName = Release;
		};
/* End XCConfigurationList section */

/* Begin XCRemoteSwiftPackageReference section */
		4D1E1AB829236DDF00E5A1B8 /* XCRemoteSwiftPackageReference "firebase-ios-sdk" */ = {
			isa = XCRemoteSwiftPackageReference;
			repositoryURL = "https://github.com/firebase/firebase-ios-sdk";
			requirement = {
				kind = upToNextMajorVersion;
				minimumVersion = 9.0.0;
			};
		};
/* End XCRemoteSwiftPackageReference section */

/* Begin XCSwiftPackageProductDependency section */
		4D1E1AB929236DDF00E5A1B8 /* FirebaseAnalytics */ = {
			isa = XCSwiftPackageProductDependency;
			package = 4D1E1AB829236DDF00E5A1B8 /* XCRemoteSwiftPackageReference "firebase-ios-sdk" */;
			productName = FirebaseAnalytics;
		};
		4D1E1ABB29236DDF00E5A1B8 /* FirebaseAuth */ = {
			isa = XCSwiftPackageProductDependency;
			package = 4D1E1AB829236DDF00E5A1B8 /* XCRemoteSwiftPackageReference "firebase-ios-sdk" */;
			productName = FirebaseAuth;
		};
		4D1E1ABD29236DDF00E5A1B8 /* FirebaseAuthCombine-Community */ = {
			isa = XCSwiftPackageProductDependency;
			package = 4D1E1AB829236DDF00E5A1B8 /* XCRemoteSwiftPackageReference "firebase-ios-sdk" */;
			productName = "FirebaseAuthCombine-Community";
		};
		4D1E1ABF29236DDF00E5A1B8 /* FirebaseCrashlytics */ = {
			isa = XCSwiftPackageProductDependency;
			package = 4D1E1AB829236DDF00E5A1B8 /* XCRemoteSwiftPackageReference "firebase-ios-sdk" */;
			productName = FirebaseCrashlytics;
		};
		4D1E1AC129236DDF00E5A1B8 /* FirebaseDatabase */ = {
			isa = XCSwiftPackageProductDependency;
			package = 4D1E1AB829236DDF00E5A1B8 /* XCRemoteSwiftPackageReference "firebase-ios-sdk" */;
			productName = FirebaseDatabase;
		};
		4D1E1AC329236DDF00E5A1B8 /* FirebaseDatabaseSwift */ = {
			isa = XCSwiftPackageProductDependency;
			package = 4D1E1AB829236DDF00E5A1B8 /* XCRemoteSwiftPackageReference "firebase-ios-sdk" */;
			productName = FirebaseDatabaseSwift;
		};
		4D1E1AC529236DDF00E5A1B8 /* FirebaseFirestore */ = {
			isa = XCSwiftPackageProductDependency;
			package = 4D1E1AB829236DDF00E5A1B8 /* XCRemoteSwiftPackageReference "firebase-ios-sdk" */;
			productName = FirebaseFirestore;
		};
		4D1E1AC729236DDF00E5A1B8 /* FirebaseFirestoreCombine-Community */ = {
			isa = XCSwiftPackageProductDependency;
			package = 4D1E1AB829236DDF00E5A1B8 /* XCRemoteSwiftPackageReference "firebase-ios-sdk" */;
			productName = "FirebaseFirestoreCombine-Community";
		};
		4D1E1AC929236DDF00E5A1B8 /* FirebaseFirestoreSwift */ = {
			isa = XCSwiftPackageProductDependency;
			package = 4D1E1AB829236DDF00E5A1B8 /* XCRemoteSwiftPackageReference "firebase-ios-sdk" */;
			productName = FirebaseFirestoreSwift;
		};
		4D1E1ACB29236DDF00E5A1B8 /* FirebaseStorage */ = {
			isa = XCSwiftPackageProductDependency;
			package = 4D1E1AB829236DDF00E5A1B8 /* XCRemoteSwiftPackageReference "firebase-ios-sdk" */;
			productName = FirebaseStorage;
		};
		4D1E1ACD29236DDF00E5A1B8 /* FirebaseStorageCombine-Community */ = {
			isa = XCSwiftPackageProductDependency;
			package = 4D1E1AB829236DDF00E5A1B8 /* XCRemoteSwiftPackageReference "firebase-ios-sdk" */;
			productName = "FirebaseStorageCombine-Community";
		};
/* End XCSwiftPackageProductDependency section */
	};
	rootObject = 4D1E1A822922A20400E5A1B8 /* Project object */;
}
