// !$*UTF8*$!
{
	archiveVersion = 1;
	classes = {
	};
	objectVersion = 56;
	objects = {

/* Begin PBXBuildFile section */
		4D5883322914515900FEF1BA /* FirebaseToDoListApp.swift in Sources */ = {isa = PBXBuildFile; fileRef = 4D5883312914515900FEF1BA /* FirebaseToDoListApp.swift */; };
		4D5883342914515900FEF1BA /* ContentView.swift in Sources */ = {isa = PBXBuildFile; fileRef = 4D5883332914515900FEF1BA /* ContentView.swift */; };
		4D5883362914515C00FEF1BA /* Assets.xcassets in Resources */ = {isa = PBXBuildFile; fileRef = 4D5883352914515C00FEF1BA /* Assets.xcassets */; };
		4D5883392914515C00FEF1BA /* Preview Assets.xcassets in Resources */ = {isa = PBXBuildFile; fileRef = 4D5883382914515C00FEF1BA /* Preview Assets.xcassets */; };
		4D5883402914522D00FEF1BA /* GoogleService-Info.plist in Resources */ = {isa = PBXBuildFile; fileRef = 4D58833F2914522D00FEF1BA /* GoogleService-Info.plist */; };
		4D5883432914544300FEF1BA /* FirebaseAnalytics in Frameworks */ = {isa = PBXBuildFile; productRef = 4D5883422914544300FEF1BA /* FirebaseAnalytics */; };
		4D5883452914544300FEF1BA /* FirebaseAnalyticsOnDeviceConversion in Frameworks */ = {isa = PBXBuildFile; productRef = 4D5883442914544300FEF1BA /* FirebaseAnalyticsOnDeviceConversion */; };
		4D5883472914544300FEF1BA /* FirebaseAnalyticsSwift in Frameworks */ = {isa = PBXBuildFile; productRef = 4D5883462914544300FEF1BA /* FirebaseAnalyticsSwift */; };
		4D5883492914544300FEF1BA /* FirebaseAnalyticsWithoutAdIdSupport in Frameworks */ = {isa = PBXBuildFile; productRef = 4D5883482914544300FEF1BA /* FirebaseAnalyticsWithoutAdIdSupport */; };
		4D58834B2914544300FEF1BA /* FirebaseAppCheck in Frameworks */ = {isa = PBXBuildFile; productRef = 4D58834A2914544300FEF1BA /* FirebaseAppCheck */; };
		4D58834D2914544300FEF1BA /* FirebaseAppDistribution-Beta in Frameworks */ = {isa = PBXBuildFile; productRef = 4D58834C2914544300FEF1BA /* FirebaseAppDistribution-Beta */; };
		4D58834F2914544300FEF1BA /* FirebaseAuth in Frameworks */ = {isa = PBXBuildFile; productRef = 4D58834E2914544300FEF1BA /* FirebaseAuth */; };
		4D5883512914544300FEF1BA /* FirebaseAuthCombine-Community in Frameworks */ = {isa = PBXBuildFile; productRef = 4D5883502914544300FEF1BA /* FirebaseAuthCombine-Community */; };
		4D5883532914544300FEF1BA /* FirebaseCrashlytics in Frameworks */ = {isa = PBXBuildFile; productRef = 4D5883522914544300FEF1BA /* FirebaseCrashlytics */; };
		4D5883552914544300FEF1BA /* FirebaseDatabase in Frameworks */ = {isa = PBXBuildFile; productRef = 4D5883542914544300FEF1BA /* FirebaseDatabase */; };
		4D5883572914544300FEF1BA /* FirebaseDatabaseSwift in Frameworks */ = {isa = PBXBuildFile; productRef = 4D5883562914544300FEF1BA /* FirebaseDatabaseSwift */; };
		4D5883592914544300FEF1BA /* FirebaseDynamicLinks in Frameworks */ = {isa = PBXBuildFile; productRef = 4D5883582914544300FEF1BA /* FirebaseDynamicLinks */; };
		4D58835B2914544300FEF1BA /* FirebaseFirestore in Frameworks */ = {isa = PBXBuildFile; productRef = 4D58835A2914544300FEF1BA /* FirebaseFirestore */; };
		4D58835D2914544300FEF1BA /* FirebaseFirestoreCombine-Community in Frameworks */ = {isa = PBXBuildFile; productRef = 4D58835C2914544300FEF1BA /* FirebaseFirestoreCombine-Community */; };
		4D58835F2914544300FEF1BA /* FirebaseFirestoreSwift in Frameworks */ = {isa = PBXBuildFile; productRef = 4D58835E2914544300FEF1BA /* FirebaseFirestoreSwift */; };
		4D5883612914544300FEF1BA /* FirebaseFunctions in Frameworks */ = {isa = PBXBuildFile; productRef = 4D5883602914544300FEF1BA /* FirebaseFunctions */; };
		4D5883632914544300FEF1BA /* FirebaseFunctionsCombine-Community in Frameworks */ = {isa = PBXBuildFile; productRef = 4D5883622914544300FEF1BA /* FirebaseFunctionsCombine-Community */; };
		4D5883652914544300FEF1BA /* FirebaseInAppMessaging-Beta in Frameworks */ = {isa = PBXBuildFile; productRef = 4D5883642914544300FEF1BA /* FirebaseInAppMessaging-Beta */; };
		4D5883672914544300FEF1BA /* FirebaseInAppMessagingSwift-Beta in Frameworks */ = {isa = PBXBuildFile; productRef = 4D5883662914544300FEF1BA /* FirebaseInAppMessagingSwift-Beta */; };
		4D5883692914544300FEF1BA /* FirebaseInstallations in Frameworks */ = {isa = PBXBuildFile; productRef = 4D5883682914544300FEF1BA /* FirebaseInstallations */; };
		4D58836B2914544300FEF1BA /* FirebaseMLModelDownloader in Frameworks */ = {isa = PBXBuildFile; productRef = 4D58836A2914544300FEF1BA /* FirebaseMLModelDownloader */; };
		4D58836D2914544300FEF1BA /* FirebaseMessaging in Frameworks */ = {isa = PBXBuildFile; productRef = 4D58836C2914544300FEF1BA /* FirebaseMessaging */; };
		4D58836F2914544300FEF1BA /* FirebasePerformance in Frameworks */ = {isa = PBXBuildFile; productRef = 4D58836E2914544300FEF1BA /* FirebasePerformance */; };
		4D5883712914544300FEF1BA /* FirebaseRemoteConfig in Frameworks */ = {isa = PBXBuildFile; productRef = 4D5883702914544300FEF1BA /* FirebaseRemoteConfig */; };
		4D5883732914544300FEF1BA /* FirebaseRemoteConfigSwift in Frameworks */ = {isa = PBXBuildFile; productRef = 4D5883722914544300FEF1BA /* FirebaseRemoteConfigSwift */; };
		4D5883752914544300FEF1BA /* FirebaseStorage in Frameworks */ = {isa = PBXBuildFile; productRef = 4D5883742914544300FEF1BA /* FirebaseStorage */; };
		4D5883772914544300FEF1BA /* FirebaseStorageCombine-Community in Frameworks */ = {isa = PBXBuildFile; productRef = 4D5883762914544300FEF1BA /* FirebaseStorageCombine-Community */; };
		4D58837A29145C7F00FEF1BA /* Task.swift in Sources */ = {isa = PBXBuildFile; fileRef = 4D58837929145C7F00FEF1BA /* Task.swift */; };
/* End PBXBuildFile section */

/* Begin PBXFileReference section */
		4D58832E2914515900FEF1BA /* FirebaseToDoList.app */ = {isa = PBXFileReference; explicitFileType = wrapper.application; includeInIndex = 0; path = FirebaseToDoList.app; sourceTree = BUILT_PRODUCTS_DIR; };
		4D5883312914515900FEF1BA /* FirebaseToDoListApp.swift */ = {isa = PBXFileReference; lastKnownFileType = sourcecode.swift; path = FirebaseToDoListApp.swift; sourceTree = "<group>"; };
		4D5883332914515900FEF1BA /* ContentView.swift */ = {isa = PBXFileReference; lastKnownFileType = sourcecode.swift; path = ContentView.swift; sourceTree = "<group>"; };
		4D5883352914515C00FEF1BA /* Assets.xcassets */ = {isa = PBXFileReference; lastKnownFileType = folder.assetcatalog; path = Assets.xcassets; sourceTree = "<group>"; };
		4D5883382914515C00FEF1BA /* Preview Assets.xcassets */ = {isa = PBXFileReference; lastKnownFileType = folder.assetcatalog; path = "Preview Assets.xcassets"; sourceTree = "<group>"; };
		4D58833F2914522D00FEF1BA /* GoogleService-Info.plist */ = {isa = PBXFileReference; fileEncoding = 4; lastKnownFileType = text.plist.xml; path = "GoogleService-Info.plist"; sourceTree = "<group>"; };
		4D58837929145C7F00FEF1BA /* Task.swift */ = {isa = PBXFileReference; lastKnownFileType = sourcecode.swift; path = Task.swift; sourceTree = "<group>"; };
/* End PBXFileReference section */

/* Begin PBXFrameworksBuildPhase section */
		4D58832B2914515900FEF1BA /* Frameworks */ = {
			isa = PBXFrameworksBuildPhase;
			buildActionMask = 2147483647;
			files = (
				4D5883552914544300FEF1BA /* FirebaseDatabase in Frameworks */,
				4D5883632914544300FEF1BA /* FirebaseFunctionsCombine-Community in Frameworks */,
				4D58835B2914544300FEF1BA /* FirebaseFirestore in Frameworks */,
				4D5883472914544300FEF1BA /* FirebaseAnalyticsSwift in Frameworks */,
				4D5883432914544300FEF1BA /* FirebaseAnalytics in Frameworks */,
				4D5883452914544300FEF1BA /* FirebaseAnalyticsOnDeviceConversion in Frameworks */,
				4D58836B2914544300FEF1BA /* FirebaseMLModelDownloader in Frameworks */,
				4D58835F2914544300FEF1BA /* FirebaseFirestoreSwift in Frameworks */,
				4D58834B2914544300FEF1BA /* FirebaseAppCheck in Frameworks */,
				4D5883492914544300FEF1BA /* FirebaseAnalyticsWithoutAdIdSupport in Frameworks */,
				4D58834F2914544300FEF1BA /* FirebaseAuth in Frameworks */,
				4D5883532914544300FEF1BA /* FirebaseCrashlytics in Frameworks */,
				4D5883732914544300FEF1BA /* FirebaseRemoteConfigSwift in Frameworks */,
				4D5883652914544300FEF1BA /* FirebaseInAppMessaging-Beta in Frameworks */,
				4D5883572914544300FEF1BA /* FirebaseDatabaseSwift in Frameworks */,
				4D5883612914544300FEF1BA /* FirebaseFunctions in Frameworks */,
				4D5883772914544300FEF1BA /* FirebaseStorageCombine-Community in Frameworks */,
				4D5883712914544300FEF1BA /* FirebaseRemoteConfig in Frameworks */,
				4D58834D2914544300FEF1BA /* FirebaseAppDistribution-Beta in Frameworks */,
				4D5883512914544300FEF1BA /* FirebaseAuthCombine-Community in Frameworks */,
				4D58836F2914544300FEF1BA /* FirebasePerformance in Frameworks */,
				4D5883672914544300FEF1BA /* FirebaseInAppMessagingSwift-Beta in Frameworks */,
				4D5883752914544300FEF1BA /* FirebaseStorage in Frameworks */,
				4D5883592914544300FEF1BA /* FirebaseDynamicLinks in Frameworks */,
				4D58835D2914544300FEF1BA /* FirebaseFirestoreCombine-Community in Frameworks */,
				4D58836D2914544300FEF1BA /* FirebaseMessaging in Frameworks */,
				4D5883692914544300FEF1BA /* FirebaseInstallations in Frameworks */,
			);
			runOnlyForDeploymentPostprocessing = 0;
		};
/* End PBXFrameworksBuildPhase section */

/* Begin PBXGroup section */
		4D5883252914515900FEF1BA = {
			isa = PBXGroup;
			children = (
				4D5883302914515900FEF1BA /* FirebaseToDoList */,
				4D58832F2914515900FEF1BA /* Products */,
			);
			sourceTree = "<group>";
		};
		4D58832F2914515900FEF1BA /* Products */ = {
			isa = PBXGroup;
			children = (
				4D58832E2914515900FEF1BA /* FirebaseToDoList.app */,
			);
			name = Products;
			sourceTree = "<group>";
		};
		4D5883302914515900FEF1BA /* FirebaseToDoList */ = {
			isa = PBXGroup;
			children = (
				4D58837829145C6900FEF1BA /* Models */,
				4D5883312914515900FEF1BA /* FirebaseToDoListApp.swift */,
				4D5883332914515900FEF1BA /* ContentView.swift */,
				4D58833F2914522D00FEF1BA /* GoogleService-Info.plist */,
				4D5883352914515C00FEF1BA /* Assets.xcassets */,
				4D5883372914515C00FEF1BA /* Preview Content */,
			);
			path = FirebaseToDoList;
			sourceTree = "<group>";
		};
		4D5883372914515C00FEF1BA /* Preview Content */ = {
			isa = PBXGroup;
			children = (
				4D5883382914515C00FEF1BA /* Preview Assets.xcassets */,
			);
			path = "Preview Content";
			sourceTree = "<group>";
		};
		4D58837829145C6900FEF1BA /* Models */ = {
			isa = PBXGroup;
			children = (
				4D58837929145C7F00FEF1BA /* Task.swift */,
			);
			path = Models;
			sourceTree = "<group>";
		};
/* End PBXGroup section */

/* Begin PBXNativeTarget section */
		4D58832D2914515900FEF1BA /* FirebaseToDoList */ = {
			isa = PBXNativeTarget;
			buildConfigurationList = 4D58833C2914515C00FEF1BA /* Build configuration list for PBXNativeTarget "FirebaseToDoList" */;
			buildPhases = (
				4D58832A2914515900FEF1BA /* Sources */,
				4D58832B2914515900FEF1BA /* Frameworks */,
				4D58832C2914515900FEF1BA /* Resources */,
			);
			buildRules = (
			);
			dependencies = (
			);
			name = FirebaseToDoList;
			packageProductDependencies = (
				4D5883422914544300FEF1BA /* FirebaseAnalytics */,
				4D5883442914544300FEF1BA /* FirebaseAnalyticsOnDeviceConversion */,
				4D5883462914544300FEF1BA /* FirebaseAnalyticsSwift */,
				4D5883482914544300FEF1BA /* FirebaseAnalyticsWithoutAdIdSupport */,
				4D58834A2914544300FEF1BA /* FirebaseAppCheck */,
				4D58834C2914544300FEF1BA /* FirebaseAppDistribution-Beta */,
				4D58834E2914544300FEF1BA /* FirebaseAuth */,
				4D5883502914544300FEF1BA /* FirebaseAuthCombine-Community */,
				4D5883522914544300FEF1BA /* FirebaseCrashlytics */,
				4D5883542914544300FEF1BA /* FirebaseDatabase */,
				4D5883562914544300FEF1BA /* FirebaseDatabaseSwift */,
				4D5883582914544300FEF1BA /* FirebaseDynamicLinks */,
				4D58835A2914544300FEF1BA /* FirebaseFirestore */,
				4D58835C2914544300FEF1BA /* FirebaseFirestoreCombine-Community */,
				4D58835E2914544300FEF1BA /* FirebaseFirestoreSwift */,
				4D5883602914544300FEF1BA /* FirebaseFunctions */,
				4D5883622914544300FEF1BA /* FirebaseFunctionsCombine-Community */,
				4D5883642914544300FEF1BA /* FirebaseInAppMessaging-Beta */,
				4D5883662914544300FEF1BA /* FirebaseInAppMessagingSwift-Beta */,
				4D5883682914544300FEF1BA /* FirebaseInstallations */,
				4D58836A2914544300FEF1BA /* FirebaseMLModelDownloader */,
				4D58836C2914544300FEF1BA /* FirebaseMessaging */,
				4D58836E2914544300FEF1BA /* FirebasePerformance */,
				4D5883702914544300FEF1BA /* FirebaseRemoteConfig */,
				4D5883722914544300FEF1BA /* FirebaseRemoteConfigSwift */,
				4D5883742914544300FEF1BA /* FirebaseStorage */,
				4D5883762914544300FEF1BA /* FirebaseStorageCombine-Community */,
			);
			productName = FirebaseToDoList;
			productReference = 4D58832E2914515900FEF1BA /* FirebaseToDoList.app */;
			productType = "com.apple.product-type.application";
		};
/* End PBXNativeTarget section */

/* Begin PBXProject section */
		4D5883262914515900FEF1BA /* Project object */ = {
			isa = PBXProject;
			attributes = {
				BuildIndependentTargetsInParallel = 1;
				LastSwiftUpdateCheck = 1410;
				LastUpgradeCheck = 1410;
				TargetAttributes = {
					4D58832D2914515900FEF1BA = {
						CreatedOnToolsVersion = 14.1;
					};
				};
			};
			buildConfigurationList = 4D5883292914515900FEF1BA /* Build configuration list for PBXProject "FirebaseToDoList" */;
			compatibilityVersion = "Xcode 14.0";
			developmentRegion = en;
			hasScannedForEncodings = 0;
			knownRegions = (
				en,
				Base,
			);
			mainGroup = 4D5883252914515900FEF1BA;
			packageReferences = (
				4D5883412914544200FEF1BA /* XCRemoteSwiftPackageReference "firebase-ios-sdk" */,
			);
			productRefGroup = 4D58832F2914515900FEF1BA /* Products */;
			projectDirPath = "";
			projectRoot = "";
			targets = (
				4D58832D2914515900FEF1BA /* FirebaseToDoList */,
			);
		};
/* End PBXProject section */

/* Begin PBXResourcesBuildPhase section */
		4D58832C2914515900FEF1BA /* Resources */ = {
			isa = PBXResourcesBuildPhase;
			buildActionMask = 2147483647;
			files = (
				4D5883392914515C00FEF1BA /* Preview Assets.xcassets in Resources */,
				4D5883362914515C00FEF1BA /* Assets.xcassets in Resources */,
				4D5883402914522D00FEF1BA /* GoogleService-Info.plist in Resources */,
			);
			runOnlyForDeploymentPostprocessing = 0;
		};
/* End PBXResourcesBuildPhase section */

/* Begin PBXSourcesBuildPhase section */
		4D58832A2914515900FEF1BA /* Sources */ = {
			isa = PBXSourcesBuildPhase;
			buildActionMask = 2147483647;
			files = (
				4D5883342914515900FEF1BA /* ContentView.swift in Sources */,
				4D58837A29145C7F00FEF1BA /* Task.swift in Sources */,
				4D5883322914515900FEF1BA /* FirebaseToDoListApp.swift in Sources */,
			);
			runOnlyForDeploymentPostprocessing = 0;
		};
/* End PBXSourcesBuildPhase section */

/* Begin XCBuildConfiguration section */
		4D58833A2914515C00FEF1BA /* Debug */ = {
			isa = XCBuildConfiguration;
			buildSettings = {
				ALWAYS_SEARCH_USER_PATHS = NO;
				CLANG_ANALYZER_NONNULL = YES;
				CLANG_ANALYZER_NUMBER_OBJECT_CONVERSION = YES_AGGRESSIVE;
				CLANG_CXX_LANGUAGE_STANDARD = "gnu++20";
				CLANG_ENABLE_MODULES = YES;
				CLANG_ENABLE_OBJC_ARC = YES;
				CLANG_ENABLE_OBJC_WEAK = YES;
				CLANG_WARN_BLOCK_CAPTURE_AUTORELEASING = YES;
				CLANG_WARN_BOOL_CONVERSION = YES;
				CLANG_WARN_COMMA = YES;
				CLANG_WARN_CONSTANT_CONVERSION = YES;
				CLANG_WARN_DEPRECATED_OBJC_IMPLEMENTATIONS = YES;
				CLANG_WARN_DIRECT_OBJC_ISA_USAGE = YES_ERROR;
				CLANG_WARN_DOCUMENTATION_COMMENTS = YES;
				CLANG_WARN_EMPTY_BODY = YES;
				CLANG_WARN_ENUM_CONVERSION = YES;
				CLANG_WARN_INFINITE_RECURSION = YES;
				CLANG_WARN_INT_CONVERSION = YES;
				CLANG_WARN_NON_LITERAL_NULL_CONVERSION = YES;
				CLANG_WARN_OBJC_IMPLICIT_RETAIN_SELF = YES;
				CLANG_WARN_OBJC_LITERAL_CONVERSION = YES;
				CLANG_WARN_OBJC_ROOT_CLASS = YES_ERROR;
				CLANG_WARN_QUOTED_INCLUDE_IN_FRAMEWORK_HEADER = YES;
				CLANG_WARN_RANGE_LOOP_ANALYSIS = YES;
				CLANG_WARN_STRICT_PROTOTYPES = YES;
				CLANG_WARN_SUSPICIOUS_MOVE = YES;
				CLANG_WARN_UNGUARDED_AVAILABILITY = YES_AGGRESSIVE;
				CLANG_WARN_UNREACHABLE_CODE = YES;
				CLANG_WARN__DUPLICATE_METHOD_MATCH = YES;
				COPY_PHASE_STRIP = NO;
				DEBUG_INFORMATION_FORMAT = dwarf;
				ENABLE_STRICT_OBJC_MSGSEND = YES;
				ENABLE_TESTABILITY = YES;
				GCC_C_LANGUAGE_STANDARD = gnu11;
				GCC_DYNAMIC_NO_PIC = NO;
				GCC_NO_COMMON_BLOCKS = YES;
				GCC_OPTIMIZATION_LEVEL = 0;
				GCC_PREPROCESSOR_DEFINITIONS = (
					"DEBUG=1",
					"$(inherited)",
				);
				GCC_WARN_64_TO_32_BIT_CONVERSION = YES;
				GCC_WARN_ABOUT_RETURN_TYPE = YES_ERROR;
				GCC_WARN_UNDECLARED_SELECTOR = YES;
				GCC_WARN_UNINITIALIZED_AUTOS = YES_AGGRESSIVE;
				GCC_WARN_UNUSED_FUNCTION = YES;
				GCC_WARN_UNUSED_VARIABLE = YES;
				IPHONEOS_DEPLOYMENT_TARGET = 16.1;
				MTL_ENABLE_DEBUG_INFO = INCLUDE_SOURCE;
				MTL_FAST_MATH = YES;
				ONLY_ACTIVE_ARCH = YES;
				SDKROOT = iphoneos;
				SWIFT_ACTIVE_COMPILATION_CONDITIONS = DEBUG;
				SWIFT_OPTIMIZATION_LEVEL = "-Onone";
			};
			name = Debug;
		};
		4D58833B2914515C00FEF1BA /* Release */ = {
			isa = XCBuildConfiguration;
			buildSettings = {
				ALWAYS_SEARCH_USER_PATHS = NO;
				CLANG_ANALYZER_NONNULL = YES;
				CLANG_ANALYZER_NUMBER_OBJECT_CONVERSION = YES_AGGRESSIVE;
				CLANG_CXX_LANGUAGE_STANDARD = "gnu++20";
				CLANG_ENABLE_MODULES = YES;
				CLANG_ENABLE_OBJC_ARC = YES;
				CLANG_ENABLE_OBJC_WEAK = YES;
				CLANG_WARN_BLOCK_CAPTURE_AUTORELEASING = YES;
				CLANG_WARN_BOOL_CONVERSION = YES;
				CLANG_WARN_COMMA = YES;
				CLANG_WARN_CONSTANT_CONVERSION = YES;
				CLANG_WARN_DEPRECATED_OBJC_IMPLEMENTATIONS = YES;
				CLANG_WARN_DIRECT_OBJC_ISA_USAGE = YES_ERROR;
				CLANG_WARN_DOCUMENTATION_COMMENTS = YES;
				CLANG_WARN_EMPTY_BODY = YES;
				CLANG_WARN_ENUM_CONVERSION = YES;
				CLANG_WARN_INFINITE_RECURSION = YES;
				CLANG_WARN_INT_CONVERSION = YES;
				CLANG_WARN_NON_LITERAL_NULL_CONVERSION = YES;
				CLANG_WARN_OBJC_IMPLICIT_RETAIN_SELF = YES;
				CLANG_WARN_OBJC_LITERAL_CONVERSION = YES;
				CLANG_WARN_OBJC_ROOT_CLASS = YES_ERROR;
				CLANG_WARN_QUOTED_INCLUDE_IN_FRAMEWORK_HEADER = YES;
				CLANG_WARN_RANGE_LOOP_ANALYSIS = YES;
				CLANG_WARN_STRICT_PROTOTYPES = YES;
				CLANG_WARN_SUSPICIOUS_MOVE = YES;
				CLANG_WARN_UNGUARDED_AVAILABILITY = YES_AGGRESSIVE;
				CLANG_WARN_UNREACHABLE_CODE = YES;
				CLANG_WARN__DUPLICATE_METHOD_MATCH = YES;
				COPY_PHASE_STRIP = NO;
				DEBUG_INFORMATION_FORMAT = "dwarf-with-dsym";
				ENABLE_NS_ASSERTIONS = NO;
				ENABLE_STRICT_OBJC_MSGSEND = YES;
				GCC_C_LANGUAGE_STANDARD = gnu11;
				GCC_NO_COMMON_BLOCKS = YES;
				GCC_WARN_64_TO_32_BIT_CONVERSION = YES;
				GCC_WARN_ABOUT_RETURN_TYPE = YES_ERROR;
				GCC_WARN_UNDECLARED_SELECTOR = YES;
				GCC_WARN_UNINITIALIZED_AUTOS = YES_AGGRESSIVE;
				GCC_WARN_UNUSED_FUNCTION = YES;
				GCC_WARN_UNUSED_VARIABLE = YES;
				IPHONEOS_DEPLOYMENT_TARGET = 16.1;
				MTL_ENABLE_DEBUG_INFO = NO;
				MTL_FAST_MATH = YES;
				SDKROOT = iphoneos;
				SWIFT_COMPILATION_MODE = wholemodule;
				SWIFT_OPTIMIZATION_LEVEL = "-O";
				VALIDATE_PRODUCT = YES;
			};
			name = Release;
		};
		4D58833D2914515C00FEF1BA /* Debug */ = {
			isa = XCBuildConfiguration;
			buildSettings = {
				ASSETCATALOG_COMPILER_APPICON_NAME = AppIcon;
				ASSETCATALOG_COMPILER_GLOBAL_ACCENT_COLOR_NAME = AccentColor;
				CODE_SIGN_STYLE = Automatic;
				CURRENT_PROJECT_VERSION = 1;
				DEVELOPMENT_ASSET_PATHS = "\"FirebaseToDoList/Preview Content\"";
				DEVELOPMENT_TEAM = 56F54J4H3N;
				ENABLE_PREVIEWS = YES;
				GENERATE_INFOPLIST_FILE = YES;
				INFOPLIST_KEY_UIApplicationSceneManifest_Generation = YES;
				INFOPLIST_KEY_UIApplicationSupportsIndirectInputEvents = YES;
				INFOPLIST_KEY_UILaunchScreen_Generation = YES;
				INFOPLIST_KEY_UISupportedInterfaceOrientations_iPad = "UIInterfaceOrientationPortrait UIInterfaceOrientationPortraitUpsideDown UIInterfaceOrientationLandscapeLeft UIInterfaceOrientationLandscapeRight";
				INFOPLIST_KEY_UISupportedInterfaceOrientations_iPhone = "UIInterfaceOrientationPortrait UIInterfaceOrientationLandscapeLeft UIInterfaceOrientationLandscapeRight";
				LD_RUNPATH_SEARCH_PATHS = (
					"$(inherited)",
					"@executable_path/Frameworks",
				);
				MARKETING_VERSION = 1.0;
				PRODUCT_BUNDLE_IDENTIFIER = mobilesoftwareservices.FirebaseToDoList;
				PRODUCT_NAME = "$(TARGET_NAME)";
				SWIFT_EMIT_LOC_STRINGS = YES;
				SWIFT_VERSION = 5.0;
				TARGETED_DEVICE_FAMILY = "1,2";
			};
			name = Debug;
		};
		4D58833E2914515C00FEF1BA /* Release */ = {
			isa = XCBuildConfiguration;
			buildSettings = {
				ASSETCATALOG_COMPILER_APPICON_NAME = AppIcon;
				ASSETCATALOG_COMPILER_GLOBAL_ACCENT_COLOR_NAME = AccentColor;
				CODE_SIGN_STYLE = Automatic;
				CURRENT_PROJECT_VERSION = 1;
				DEVELOPMENT_ASSET_PATHS = "\"FirebaseToDoList/Preview Content\"";
				DEVELOPMENT_TEAM = 56F54J4H3N;
				ENABLE_PREVIEWS = YES;
				GENERATE_INFOPLIST_FILE = YES;
				INFOPLIST_KEY_UIApplicationSceneManifest_Generation = YES;
				INFOPLIST_KEY_UIApplicationSupportsIndirectInputEvents = YES;
				INFOPLIST_KEY_UILaunchScreen_Generation = YES;
				INFOPLIST_KEY_UISupportedInterfaceOrientations_iPad = "UIInterfaceOrientationPortrait UIInterfaceOrientationPortraitUpsideDown UIInterfaceOrientationLandscapeLeft UIInterfaceOrientationLandscapeRight";
				INFOPLIST_KEY_UISupportedInterfaceOrientations_iPhone = "UIInterfaceOrientationPortrait UIInterfaceOrientationLandscapeLeft UIInterfaceOrientationLandscapeRight";
				LD_RUNPATH_SEARCH_PATHS = (
					"$(inherited)",
					"@executable_path/Frameworks",
				);
				MARKETING_VERSION = 1.0;
				PRODUCT_BUNDLE_IDENTIFIER = mobilesoftwareservices.FirebaseToDoList;
				PRODUCT_NAME = "$(TARGET_NAME)";
				SWIFT_EMIT_LOC_STRINGS = YES;
				SWIFT_VERSION = 5.0;
				TARGETED_DEVICE_FAMILY = "1,2";
			};
			name = Release;
		};
/* End XCBuildConfiguration section */

/* Begin XCConfigurationList section */
		4D5883292914515900FEF1BA /* Build configuration list for PBXProject "FirebaseToDoList" */ = {
			isa = XCConfigurationList;
			buildConfigurations = (
				4D58833A2914515C00FEF1BA /* Debug */,
				4D58833B2914515C00FEF1BA /* Release */,
			);
			defaultConfigurationIsVisible = 0;
			defaultConfigurationName = Release;
		};
		4D58833C2914515C00FEF1BA /* Build configuration list for PBXNativeTarget "FirebaseToDoList" */ = {
			isa = XCConfigurationList;
			buildConfigurations = (
				4D58833D2914515C00FEF1BA /* Debug */,
				4D58833E2914515C00FEF1BA /* Release */,
			);
			defaultConfigurationIsVisible = 0;
			defaultConfigurationName = Release;
		};
/* End XCConfigurationList section */

/* Begin XCRemoteSwiftPackageReference section */
		4D5883412914544200FEF1BA /* XCRemoteSwiftPackageReference "firebase-ios-sdk" */ = {
			isa = XCRemoteSwiftPackageReference;
			repositoryURL = "https://github.com/firebase/firebase-ios-sdk";
			requirement = {
				kind = upToNextMajorVersion;
				minimumVersion = 9.0.0;
			};
		};
/* End XCRemoteSwiftPackageReference section */

/* Begin XCSwiftPackageProductDependency section */
		4D5883422914544300FEF1BA /* FirebaseAnalytics */ = {
			isa = XCSwiftPackageProductDependency;
			package = 4D5883412914544200FEF1BA /* XCRemoteSwiftPackageReference "firebase-ios-sdk" */;
			productName = FirebaseAnalytics;
		};
		4D5883442914544300FEF1BA /* FirebaseAnalyticsOnDeviceConversion */ = {
			isa = XCSwiftPackageProductDependency;
			package = 4D5883412914544200FEF1BA /* XCRemoteSwiftPackageReference "firebase-ios-sdk" */;
			productName = FirebaseAnalyticsOnDeviceConversion;
		};
		4D5883462914544300FEF1BA /* FirebaseAnalyticsSwift */ = {
			isa = XCSwiftPackageProductDependency;
			package = 4D5883412914544200FEF1BA /* XCRemoteSwiftPackageReference "firebase-ios-sdk" */;
			productName = FirebaseAnalyticsSwift;
		};
		4D5883482914544300FEF1BA /* FirebaseAnalyticsWithoutAdIdSupport */ = {
			isa = XCSwiftPackageProductDependency;
			package = 4D5883412914544200FEF1BA /* XCRemoteSwiftPackageReference "firebase-ios-sdk" */;
			productName = FirebaseAnalyticsWithoutAdIdSupport;
		};
		4D58834A2914544300FEF1BA /* FirebaseAppCheck */ = {
			isa = XCSwiftPackageProductDependency;
			package = 4D5883412914544200FEF1BA /* XCRemoteSwiftPackageReference "firebase-ios-sdk" */;
			productName = FirebaseAppCheck;
		};
		4D58834C2914544300FEF1BA /* FirebaseAppDistribution-Beta */ = {
			isa = XCSwiftPackageProductDependency;
			package = 4D5883412914544200FEF1BA /* XCRemoteSwiftPackageReference "firebase-ios-sdk" */;
			productName = "FirebaseAppDistribution-Beta";
		};
		4D58834E2914544300FEF1BA /* FirebaseAuth */ = {
			isa = XCSwiftPackageProductDependency;
			package = 4D5883412914544200FEF1BA /* XCRemoteSwiftPackageReference "firebase-ios-sdk" */;
			productName = FirebaseAuth;
		};
		4D5883502914544300FEF1BA /* FirebaseAuthCombine-Community */ = {
			isa = XCSwiftPackageProductDependency;
			package = 4D5883412914544200FEF1BA /* XCRemoteSwiftPackageReference "firebase-ios-sdk" */;
			productName = "FirebaseAuthCombine-Community";
		};
		4D5883522914544300FEF1BA /* FirebaseCrashlytics */ = {
			isa = XCSwiftPackageProductDependency;
			package = 4D5883412914544200FEF1BA /* XCRemoteSwiftPackageReference "firebase-ios-sdk" */;
			productName = FirebaseCrashlytics;
		};
		4D5883542914544300FEF1BA /* FirebaseDatabase */ = {
			isa = XCSwiftPackageProductDependency;
			package = 4D5883412914544200FEF1BA /* XCRemoteSwiftPackageReference "firebase-ios-sdk" */;
			productName = FirebaseDatabase;
		};
		4D5883562914544300FEF1BA /* FirebaseDatabaseSwift */ = {
			isa = XCSwiftPackageProductDependency;
			package = 4D5883412914544200FEF1BA /* XCRemoteSwiftPackageReference "firebase-ios-sdk" */;
			productName = FirebaseDatabaseSwift;
		};
		4D5883582914544300FEF1BA /* FirebaseDynamicLinks */ = {
			isa = XCSwiftPackageProductDependency;
			package = 4D5883412914544200FEF1BA /* XCRemoteSwiftPackageReference "firebase-ios-sdk" */;
			productName = FirebaseDynamicLinks;
		};
		4D58835A2914544300FEF1BA /* FirebaseFirestore */ = {
			isa = XCSwiftPackageProductDependency;
			package = 4D5883412914544200FEF1BA /* XCRemoteSwiftPackageReference "firebase-ios-sdk" */;
			productName = FirebaseFirestore;
		};
		4D58835C2914544300FEF1BA /* FirebaseFirestoreCombine-Community */ = {
			isa = XCSwiftPackageProductDependency;
			package = 4D5883412914544200FEF1BA /* XCRemoteSwiftPackageReference "firebase-ios-sdk" */;
			productName = "FirebaseFirestoreCombine-Community";
		};
		4D58835E2914544300FEF1BA /* FirebaseFirestoreSwift */ = {
			isa = XCSwiftPackageProductDependency;
			package = 4D5883412914544200FEF1BA /* XCRemoteSwiftPackageReference "firebase-ios-sdk" */;
			productName = FirebaseFirestoreSwift;
		};
		4D5883602914544300FEF1BA /* FirebaseFunctions */ = {
			isa = XCSwiftPackageProductDependency;
			package = 4D5883412914544200FEF1BA /* XCRemoteSwiftPackageReference "firebase-ios-sdk" */;
			productName = FirebaseFunctions;
		};
		4D5883622914544300FEF1BA /* FirebaseFunctionsCombine-Community */ = {
			isa = XCSwiftPackageProductDependency;
			package = 4D5883412914544200FEF1BA /* XCRemoteSwiftPackageReference "firebase-ios-sdk" */;
			productName = "FirebaseFunctionsCombine-Community";
		};
		4D5883642914544300FEF1BA /* FirebaseInAppMessaging-Beta */ = {
			isa = XCSwiftPackageProductDependency;
			package = 4D5883412914544200FEF1BA /* XCRemoteSwiftPackageReference "firebase-ios-sdk" */;
			productName = "FirebaseInAppMessaging-Beta";
		};
		4D5883662914544300FEF1BA /* FirebaseInAppMessagingSwift-Beta */ = {
			isa = XCSwiftPackageProductDependency;
			package = 4D5883412914544200FEF1BA /* XCRemoteSwiftPackageReference "firebase-ios-sdk" */;
			productName = "FirebaseInAppMessagingSwift-Beta";
		};
		4D5883682914544300FEF1BA /* FirebaseInstallations */ = {
			isa = XCSwiftPackageProductDependency;
			package = 4D5883412914544200FEF1BA /* XCRemoteSwiftPackageReference "firebase-ios-sdk" */;
			productName = FirebaseInstallations;
		};
		4D58836A2914544300FEF1BA /* FirebaseMLModelDownloader */ = {
			isa = XCSwiftPackageProductDependency;
			package = 4D5883412914544200FEF1BA /* XCRemoteSwiftPackageReference "firebase-ios-sdk" */;
			productName = FirebaseMLModelDownloader;
		};
		4D58836C2914544300FEF1BA /* FirebaseMessaging */ = {
			isa = XCSwiftPackageProductDependency;
			package = 4D5883412914544200FEF1BA /* XCRemoteSwiftPackageReference "firebase-ios-sdk" */;
			productName = FirebaseMessaging;
		};
		4D58836E2914544300FEF1BA /* FirebasePerformance */ = {
			isa = XCSwiftPackageProductDependency;
			package = 4D5883412914544200FEF1BA /* XCRemoteSwiftPackageReference "firebase-ios-sdk" */;
			productName = FirebasePerformance;
		};
		4D5883702914544300FEF1BA /* FirebaseRemoteConfig */ = {
			isa = XCSwiftPackageProductDependency;
			package = 4D5883412914544200FEF1BA /* XCRemoteSwiftPackageReference "firebase-ios-sdk" */;
			productName = FirebaseRemoteConfig;
		};
		4D5883722914544300FEF1BA /* FirebaseRemoteConfigSwift */ = {
			isa = XCSwiftPackageProductDependency;
			package = 4D5883412914544200FEF1BA /* XCRemoteSwiftPackageReference "firebase-ios-sdk" */;
			productName = FirebaseRemoteConfigSwift;
		};
		4D5883742914544300FEF1BA /* FirebaseStorage */ = {
			isa = XCSwiftPackageProductDependency;
			package = 4D5883412914544200FEF1BA /* XCRemoteSwiftPackageReference "firebase-ios-sdk" */;
			productName = FirebaseStorage;
		};
		4D5883762914544300FEF1BA /* FirebaseStorageCombine-Community */ = {
			isa = XCSwiftPackageProductDependency;
			package = 4D5883412914544200FEF1BA /* XCRemoteSwiftPackageReference "firebase-ios-sdk" */;
			productName = "FirebaseStorageCombine-Community";
		};
/* End XCSwiftPackageProductDependency section */
	};
	rootObject = 4D5883262914515900FEF1BA /* Project object */;
}
